// !$*UTF8*$!
{
	archiveVersion = 1;
	classes = {
	};
	objectVersion = 46;
	objects = {

/* Begin PBXBuildFile section */
		260ACCF31EE997010066231C /* ServiceConstants.swift in Sources */ = {isa = PBXBuildFile; fileRef = 260ACC9D1EE997010066231C /* ServiceConstants.swift */; };
		260ACD291EE997010066231C /* PunchJunkieModel.swift in Sources */ = {isa = PBXBuildFile; fileRef = 260ACCF21EE997010066231C /* PunchJunkieModel.swift */; };
		261C8D831F78AB7D00126056 /* SwiftAMFRemoter.framework in Frameworks */ = {isa = PBXBuildFile; fileRef = 261C8D851F78AB7D00126056 /* SwiftAMFRemoter.framework */; };
		261E1AC11EE8C4D600A0D2B5 /* AppDelegate.swift in Sources */ = {isa = PBXBuildFile; fileRef = 261E1AC01EE8C4D600A0D2B5 /* AppDelegate.swift */; };
		261E1AC31EE8C4D600A0D2B5 /* ViewController.swift in Sources */ = {isa = PBXBuildFile; fileRef = 261E1AC21EE8C4D600A0D2B5 /* ViewController.swift */; };
		261E1AC61EE8C4D600A0D2B5 /* Main.storyboard in Resources */ = {isa = PBXBuildFile; fileRef = 261E1AC41EE8C4D600A0D2B5 /* Main.storyboard */; };
		261E1AC81EE8C4D600A0D2B5 /* Assets.xcassets in Resources */ = {isa = PBXBuildFile; fileRef = 261E1AC71EE8C4D600A0D2B5 /* Assets.xcassets */; };
		261E1ACB1EE8C4D600A0D2B5 /* LaunchScreen.storyboard in Resources */ = {isa = PBXBuildFile; fileRef = 261E1AC91EE8C4D600A0D2B5 /* LaunchScreen.storyboard */; };
		264111E61FD146570045965A /* ConfigurationData.swift in Sources */ = {isa = PBXBuildFile; fileRef = 2641118D1FD146570045965A /* ConfigurationData.swift */; };
		264111E71FD146570045965A /* VzException.swift in Sources */ = {isa = PBXBuildFile; fileRef = 2641118E1FD146570045965A /* VzException.swift */; };
		264111E81FD146570045965A /* ActivityFacadeModel.swift in Sources */ = {isa = PBXBuildFile; fileRef = 264111901FD146570045965A /* ActivityFacadeModel.swift */; };
		264111E91FD146570045965A /* CloudStorageFacadeModel.swift in Sources */ = {isa = PBXBuildFile; fileRef = 264111911FD146570045965A /* CloudStorageFacadeModel.swift */; };
		264111EA1FD146570045965A /* UserFacadeModel.swift in Sources */ = {isa = PBXBuildFile; fileRef = 264111921FD146570045965A /* UserFacadeModel.swift */; };
		264111EB1FD146570045965A /* ActivityFacadeManifest.swift in Sources */ = {isa = PBXBuildFile; fileRef = 264111941FD146570045965A /* ActivityFacadeManifest.swift */; };
		264111EC1FD146570045965A /* CloudStorageFacadeManifest.swift in Sources */ = {isa = PBXBuildFile; fileRef = 264111951FD146570045965A /* CloudStorageFacadeManifest.swift */; };
		264111ED1FD146570045965A /* UserFacadeManifest.swift in Sources */ = {isa = PBXBuildFile; fileRef = 264111961FD146570045965A /* UserFacadeManifest.swift */; };
		264111EE1FD146570045965A /* ActivityConfigurationData.swift in Sources */ = {isa = PBXBuildFile; fileRef = 2641119A1FD146570045965A /* ActivityConfigurationData.swift */; };
		264111EF1FD146570045965A /* VzActivity.swift in Sources */ = {isa = PBXBuildFile; fileRef = 2641119B1FD146570045965A /* VzActivity.swift */; };
		264111F01FD146570045965A /* VzActivityAttributeType.swift in Sources */ = {isa = PBXBuildFile; fileRef = 2641119C1FD146570045965A /* VzActivityAttributeType.swift */; };
		264111F11FD146570045965A /* VzActivityEquipmentType.swift in Sources */ = {isa = PBXBuildFile; fileRef = 2641119D1FD146570045965A /* VzActivityEquipmentType.swift */; };
		264111F21FD146570045965A /* VzActivityGoalType.swift in Sources */ = {isa = PBXBuildFile; fileRef = 2641119E1FD146570045965A /* VzActivityGoalType.swift */; };
		264111F31FD146570045965A /* VzActivityItem.swift in Sources */ = {isa = PBXBuildFile; fileRef = 2641119F1FD146570045965A /* VzActivityItem.swift */; };
		264111F41FD146570045965A /* VzActivityItemList.swift in Sources */ = {isa = PBXBuildFile; fileRef = 264111A01FD146570045965A /* VzActivityItemList.swift */; };
		264111F51FD146570045965A /* VzActivityItemListAssignment.swift in Sources */ = {isa = PBXBuildFile; fileRef = 264111A11FD146570045965A /* VzActivityItemListAssignment.swift */; };
		264111F61FD146570045965A /* VzActivityItemThemeType.swift in Sources */ = {isa = PBXBuildFile; fileRef = 264111A21FD146570045965A /* VzActivityItemThemeType.swift */; };
		264111F71FD146570045965A /* VzActivityLevelType.swift in Sources */ = {isa = PBXBuildFile; fileRef = 264111A31FD146570045965A /* VzActivityLevelType.swift */; };
		264111F81FD146570045965A /* VzActivityScheduleItem.swift in Sources */ = {isa = PBXBuildFile; fileRef = 264111A41FD146570045965A /* VzActivityScheduleItem.swift */; };
		264111F91FD146570045965A /* VzActivityThemeType.swift in Sources */ = {isa = PBXBuildFile; fileRef = 264111A51FD146570045965A /* VzActivityThemeType.swift */; };
		264111FA1FD146570045965A /* VzActivityType.swift in Sources */ = {isa = PBXBuildFile; fileRef = 264111A61FD146570045965A /* VzActivityType.swift */; };
		264111FB1FD146570045965A /* BaseContent.swift in Sources */ = {isa = PBXBuildFile; fileRef = 264111A91FD146570045965A /* BaseContent.swift */; };
		264111FC1FD146570045965A /* BaseContentType.swift in Sources */ = {isa = PBXBuildFile; fileRef = 264111AA1FD146570045965A /* BaseContentType.swift */; };
		264111FD1FD146570045965A /* BaseMedia.swift in Sources */ = {isa = PBXBuildFile; fileRef = 264111AB1FD146570045965A /* BaseMedia.swift */; };
		264111FE1FD146570045965A /* BaseMediaContent.swift in Sources */ = {isa = PBXBuildFile; fileRef = 264111AC1FD146570045965A /* BaseMediaContent.swift */; };
		264111FF1FD146570045965A /* BaseResult.swift in Sources */ = {isa = PBXBuildFile; fileRef = 264111AD1FD146570045965A /* BaseResult.swift */; };
		264112001FD146570045965A /* BaseScheduleItem.swift in Sources */ = {isa = PBXBuildFile; fileRef = 264111AE1FD146570045965A /* BaseScheduleItem.swift */; };
		264112011FD146570045965A /* EntityBase.swift in Sources */ = {isa = PBXBuildFile; fileRef = 264111AF1FD146570045965A /* EntityBase.swift */; };
		264112021FD146570045965A /* VzBrand.swift in Sources */ = {isa = PBXBuildFile; fileRef = 264111B21FD146570045965A /* VzBrand.swift */; };
		264112031FD146570045965A /* VzBrandMembership.swift in Sources */ = {isa = PBXBuildFile; fileRef = 264111B31FD146570045965A /* VzBrandMembership.swift */; };
		264112041FD146570045965A /* UnitMetricEnum.swift in Sources */ = {isa = PBXBuildFile; fileRef = 264111B71FD146570045965A /* UnitMetricEnum.swift */; };
		264112051FD146570045965A /* VzServiceError.swift in Sources */ = {isa = PBXBuildFile; fileRef = 264111B91FD146570045965A /* VzServiceError.swift */; };
		264112061FD146570045965A /* VzMediaAsset.swift in Sources */ = {isa = PBXBuildFile; fileRef = 264111BC1FD146570045965A /* VzMediaAsset.swift */; };
		264112071FD146570045965A /* VzMediaAssetType.swift in Sources */ = {isa = PBXBuildFile; fileRef = 264111BD1FD146570045965A /* VzMediaAssetType.swift */; };
		264112081FD146570045965A /* VzMediaCategoryType.swift in Sources */ = {isa = PBXBuildFile; fileRef = 264111BE1FD146570045965A /* VzMediaCategoryType.swift */; };
		264112091FD146570045965A /* VzMediaContentType.swift in Sources */ = {isa = PBXBuildFile; fileRef = 264111BF1FD146570045965A /* VzMediaContentType.swift */; };
		2641120A1FD146570045965A /* VzNetworkAccount.swift in Sources */ = {isa = PBXBuildFile; fileRef = 264111C21FD146570045965A /* VzNetworkAccount.swift */; };
		2641120B1FD146570045965A /* VzNetworkMessage.swift in Sources */ = {isa = PBXBuildFile; fileRef = 264111C31FD146570045965A /* VzNetworkMessage.swift */; };
		2641120C1FD146570045965A /* VzNetworkMessageType.swift in Sources */ = {isa = PBXBuildFile; fileRef = 264111C41FD146570045965A /* VzNetworkMessageType.swift */; };
		2641120D1FD146570045965A /* VzNetworkRelationship.swift in Sources */ = {isa = PBXBuildFile; fileRef = 264111C51FD146570045965A /* VzNetworkRelationship.swift */; };
		2641120E1FD146570045965A /* VzNetworkRelationshipType.swift in Sources */ = {isa = PBXBuildFile; fileRef = 264111C61FD146570045965A /* VzNetworkRelationshipType.swift */; };
		2641120F1FD146570045965A /* VzNetworkType.swift in Sources */ = {isa = PBXBuildFile; fileRef = 264111C71FD146570045965A /* VzNetworkType.swift */; };
		264112101FD146570045965A /* VzNmScheduledUserProgramActivity.swift in Sources */ = {isa = PBXBuildFile; fileRef = 264111CA1FD146570045965A /* VzNmScheduledUserProgramActivity.swift */; };
		264112111FD146570045965A /* VzNmUserProgramActivity.swift in Sources */ = {isa = PBXBuildFile; fileRef = 264111CB1FD146570045965A /* VzNmUserProgramActivity.swift */; };
		264112121FD146570045965A /* VzProgram.swift in Sources */ = {isa = PBXBuildFile; fileRef = 264111CC1FD146570045965A /* VzProgram.swift */; };
		264112131FD146570045965A /* VzProgramAccessType.swift in Sources */ = {isa = PBXBuildFile; fileRef = 264111CD1FD146570045965A /* VzProgramAccessType.swift */; };
		264112141FD146570045965A /* VzProgramActivityAssignment.swift in Sources */ = {isa = PBXBuildFile; fileRef = 264111CE1FD146570045965A /* VzProgramActivityAssignment.swift */; };
		264112151FD146570045965A /* VzProgramCategoryType.swift in Sources */ = {isa = PBXBuildFile; fileRef = 264111CF1FD146570045965A /* VzProgramCategoryType.swift */; };
		264112161FD146570045965A /* VzProgramStatusType.swift in Sources */ = {isa = PBXBuildFile; fileRef = 264111D01FD146570045965A /* VzProgramStatusType.swift */; };
		264112171FD146570045965A /* VzServiceResult.swift in Sources */ = {isa = PBXBuildFile; fileRef = 264111D31FD146570045965A /* VzServiceResult.swift */; };
		264112181FD146570045965A /* VzScheduleDayType.swift in Sources */ = {isa = PBXBuildFile; fileRef = 264111D61FD146570045965A /* VzScheduleDayType.swift */; };
		264112191FD146570045965A /* VzScheduleTimeType.swift in Sources */ = {isa = PBXBuildFile; fileRef = 264111D71FD146570045965A /* VzScheduleTimeType.swift */; };
		2641121A1FD146570045965A /* VzMetricUnitAttributeType.swift in Sources */ = {isa = PBXBuildFile; fileRef = 264111DA1FD146570045965A /* VzMetricUnitAttributeType.swift */; };
		2641121B1FD146570045965A /* VzMetricUnitType.swift in Sources */ = {isa = PBXBuildFile; fileRef = 264111DB1FD146570045965A /* VzMetricUnitType.swift */; };
		2641121C1FD146570045965A /* UserContext.swift in Sources */ = {isa = PBXBuildFile; fileRef = 264111DE1FD146570045965A /* UserContext.swift */; };
		2641121D1FD146570045965A /* VzAccount.swift in Sources */ = {isa = PBXBuildFile; fileRef = 264111DF1FD146570045965A /* VzAccount.swift */; };
		2641121E1FD146570045965A /* VzProfile.swift in Sources */ = {isa = PBXBuildFile; fileRef = 264111E01FD146570045965A /* VzProfile.swift */; };
		2641121F1FD146570045965A /* VzSession.swift in Sources */ = {isa = PBXBuildFile; fileRef = 264111E11FD146570045965A /* VzSession.swift */; };
		264112201FD146570045965A /* VzUser.swift in Sources */ = {isa = PBXBuildFile; fileRef = 264111E21FD146570045965A /* VzUser.swift */; };
		264112211FD146570045965A /* VzUserProgram.swift in Sources */ = {isa = PBXBuildFile; fileRef = 264111E31FD146570045965A /* VzUserProgram.swift */; };
		264112221FD146570045965A /* VzUserProgramStatusType.swift in Sources */ = {isa = PBXBuildFile; fileRef = 264111E41FD146570045965A /* VzUserProgramStatusType.swift */; };
		264112231FD146570045965A /* VzUserType.swift in Sources */ = {isa = PBXBuildFile; fileRef = 264111E51FD146570045965A /* VzUserType.swift */; };
		2641122D1FD146690045965A /* DataTypeInitializer.swift in Sources */ = {isa = PBXBuildFile; fileRef = 264112251FD146680045965A /* DataTypeInitializer.swift */; };
		2641122E1FD146690045965A /* ActivityFacadeManifestServiceDefinition.swift in Sources */ = {isa = PBXBuildFile; fileRef = 264112271FD146690045965A /* ActivityFacadeManifestServiceDefinition.swift */; };
		2641122F1FD146690045965A /* ActivityFacadeServiceDefinition.swift in Sources */ = {isa = PBXBuildFile; fileRef = 264112281FD146690045965A /* ActivityFacadeServiceDefinition.swift */; };
		264112301FD146690045965A /* CloudStorageFacadeManifestServiceDefinition.swift in Sources */ = {isa = PBXBuildFile; fileRef = 264112291FD146690045965A /* CloudStorageFacadeManifestServiceDefinition.swift */; };
		264112311FD146690045965A /* CloudStorageFacadeServiceDefinition.swift in Sources */ = {isa = PBXBuildFile; fileRef = 2641122A1FD146690045965A /* CloudStorageFacadeServiceDefinition.swift */; };
		264112321FD146690045965A /* UserFacadeManifestServiceDefinition.swift in Sources */ = {isa = PBXBuildFile; fileRef = 2641122B1FD146690045965A /* UserFacadeManifestServiceDefinition.swift */; };
		264112331FD146690045965A /* UserFacadeServiceDefinition.swift in Sources */ = {isa = PBXBuildFile; fileRef = 2641122C1FD146690045965A /* UserFacadeServiceDefinition.swift */; };
		264A67D41FB6B6B000771E47 /* SwiftAMFRemoter.framework in Embed Frameworks */ = {isa = PBXBuildFile; fileRef = 261C8D851F78AB7D00126056 /* SwiftAMFRemoter.framework */; settings = {ATTRIBUTES = (CodeSignOnCopy, RemoveHeadersOnCopy, ); }; };
		26A4EE5D1F04EA1B008038A9 /* UIViewController+Extensions.swift in Sources */ = {isa = PBXBuildFile; fileRef = 26A4EE5C1F04EA1B008038A9 /* UIViewController+Extensions.swift */; };
/* End PBXBuildFile section */

/* Begin PBXCopyFilesBuildPhase section */
		266EAE491F5B356400667BB8 /* Embed Frameworks */ = {
			isa = PBXCopyFilesBuildPhase;
			buildActionMask = 8;
			dstPath = "";
			dstSubfolderSpec = 10;
			files = (
				264A67D41FB6B6B000771E47 /* SwiftAMFRemoter.framework in Embed Frameworks */,
			);
			name = "Embed Frameworks";
			runOnlyForDeploymentPostprocessing = 1;
		};
		266EAE5A1F5B48C300667BB8 /* CopyFiles */ = {
			isa = PBXCopyFilesBuildPhase;
			buildActionMask = 2147483647;
			dstPath = "";
			dstSubfolderSpec = 10;
			files = (
			);
			runOnlyForDeploymentPostprocessing = 0;
		};
/* End PBXCopyFilesBuildPhase section */

/* Begin PBXFileReference section */
		260ACC9D1EE997010066231C /* ServiceConstants.swift */ = {isa = PBXFileReference; fileEncoding = 4; lastKnownFileType = sourcecode.swift; path = ServiceConstants.swift; sourceTree = "<group>"; };
		260ACCF21EE997010066231C /* PunchJunkieModel.swift */ = {isa = PBXFileReference; fileEncoding = 4; lastKnownFileType = sourcecode.swift; path = PunchJunkieModel.swift; sourceTree = "<group>"; };
		261C8D851F78AB7D00126056 /* SwiftAMFRemoter.framework */ = {isa = PBXFileReference; explicitFileType = wrapper.framework; path = SwiftAMFRemoter.framework; sourceTree = BUILT_PRODUCTS_DIR; };
		261E1ABD1EE8C4D600A0D2B5 /* Example.app */ = {isa = PBXFileReference; explicitFileType = wrapper.application; includeInIndex = 0; path = Example.app; sourceTree = BUILT_PRODUCTS_DIR; };
		261E1AC01EE8C4D600A0D2B5 /* AppDelegate.swift */ = {isa = PBXFileReference; lastKnownFileType = sourcecode.swift; path = AppDelegate.swift; sourceTree = "<group>"; };
		261E1AC21EE8C4D600A0D2B5 /* ViewController.swift */ = {isa = PBXFileReference; lastKnownFileType = sourcecode.swift; path = ViewController.swift; sourceTree = "<group>"; };
		261E1AC51EE8C4D600A0D2B5 /* Base */ = {isa = PBXFileReference; lastKnownFileType = file.storyboard; name = Base; path = Base.lproj/Main.storyboard; sourceTree = "<group>"; };
		261E1AC71EE8C4D600A0D2B5 /* Assets.xcassets */ = {isa = PBXFileReference; lastKnownFileType = folder.assetcatalog; path = Assets.xcassets; sourceTree = "<group>"; };
		261E1ACA1EE8C4D600A0D2B5 /* Base */ = {isa = PBXFileReference; lastKnownFileType = file.storyboard; name = Base; path = Base.lproj/LaunchScreen.storyboard; sourceTree = "<group>"; };
		261E1ACC1EE8C4D600A0D2B5 /* Info.plist */ = {isa = PBXFileReference; lastKnownFileType = text.plist.xml; path = Info.plist; sourceTree = "<group>"; };
		2641118D1FD146570045965A /* ConfigurationData.swift */ = {isa = PBXFileReference; fileEncoding = 4; lastKnownFileType = sourcecode.swift; path = ConfigurationData.swift; sourceTree = "<group>"; };
		2641118E1FD146570045965A /* VzException.swift */ = {isa = PBXFileReference; fileEncoding = 4; lastKnownFileType = sourcecode.swift; path = VzException.swift; sourceTree = "<group>"; };
		264111901FD146570045965A /* ActivityFacadeModel.swift */ = {isa = PBXFileReference; fileEncoding = 4; lastKnownFileType = sourcecode.swift; path = ActivityFacadeModel.swift; sourceTree = "<group>"; };
		264111911FD146570045965A /* CloudStorageFacadeModel.swift */ = {isa = PBXFileReference; fileEncoding = 4; lastKnownFileType = sourcecode.swift; path = CloudStorageFacadeModel.swift; sourceTree = "<group>"; };
		264111921FD146570045965A /* UserFacadeModel.swift */ = {isa = PBXFileReference; fileEncoding = 4; lastKnownFileType = sourcecode.swift; path = UserFacadeModel.swift; sourceTree = "<group>"; };
		264111941FD146570045965A /* ActivityFacadeManifest.swift */ = {isa = PBXFileReference; fileEncoding = 4; lastKnownFileType = sourcecode.swift; path = ActivityFacadeManifest.swift; sourceTree = "<group>"; };
		264111951FD146570045965A /* CloudStorageFacadeManifest.swift */ = {isa = PBXFileReference; fileEncoding = 4; lastKnownFileType = sourcecode.swift; path = CloudStorageFacadeManifest.swift; sourceTree = "<group>"; };
		264111961FD146570045965A /* UserFacadeManifest.swift */ = {isa = PBXFileReference; fileEncoding = 4; lastKnownFileType = sourcecode.swift; path = UserFacadeManifest.swift; sourceTree = "<group>"; };
		2641119A1FD146570045965A /* ActivityConfigurationData.swift */ = {isa = PBXFileReference; fileEncoding = 4; lastKnownFileType = sourcecode.swift; path = ActivityConfigurationData.swift; sourceTree = "<group>"; };
		2641119B1FD146570045965A /* VzActivity.swift */ = {isa = PBXFileReference; fileEncoding = 4; lastKnownFileType = sourcecode.swift; path = VzActivity.swift; sourceTree = "<group>"; };
		2641119C1FD146570045965A /* VzActivityAttributeType.swift */ = {isa = PBXFileReference; fileEncoding = 4; lastKnownFileType = sourcecode.swift; path = VzActivityAttributeType.swift; sourceTree = "<group>"; };
		2641119D1FD146570045965A /* VzActivityEquipmentType.swift */ = {isa = PBXFileReference; fileEncoding = 4; lastKnownFileType = sourcecode.swift; path = VzActivityEquipmentType.swift; sourceTree = "<group>"; };
		2641119E1FD146570045965A /* VzActivityGoalType.swift */ = {isa = PBXFileReference; fileEncoding = 4; lastKnownFileType = sourcecode.swift; path = VzActivityGoalType.swift; sourceTree = "<group>"; };
		2641119F1FD146570045965A /* VzActivityItem.swift */ = {isa = PBXFileReference; fileEncoding = 4; lastKnownFileType = sourcecode.swift; path = VzActivityItem.swift; sourceTree = "<group>"; };
		264111A01FD146570045965A /* VzActivityItemList.swift */ = {isa = PBXFileReference; fileEncoding = 4; lastKnownFileType = sourcecode.swift; path = VzActivityItemList.swift; sourceTree = "<group>"; };
		264111A11FD146570045965A /* VzActivityItemListAssignment.swift */ = {isa = PBXFileReference; fileEncoding = 4; lastKnownFileType = sourcecode.swift; path = VzActivityItemListAssignment.swift; sourceTree = "<group>"; };
		264111A21FD146570045965A /* VzActivityItemThemeType.swift */ = {isa = PBXFileReference; fileEncoding = 4; lastKnownFileType = sourcecode.swift; path = VzActivityItemThemeType.swift; sourceTree = "<group>"; };
		264111A31FD146570045965A /* VzActivityLevelType.swift */ = {isa = PBXFileReference; fileEncoding = 4; lastKnownFileType = sourcecode.swift; path = VzActivityLevelType.swift; sourceTree = "<group>"; };
		264111A41FD146570045965A /* VzActivityScheduleItem.swift */ = {isa = PBXFileReference; fileEncoding = 4; lastKnownFileType = sourcecode.swift; path = VzActivityScheduleItem.swift; sourceTree = "<group>"; };
		264111A51FD146570045965A /* VzActivityThemeType.swift */ = {isa = PBXFileReference; fileEncoding = 4; lastKnownFileType = sourcecode.swift; path = VzActivityThemeType.swift; sourceTree = "<group>"; };
		264111A61FD146570045965A /* VzActivityType.swift */ = {isa = PBXFileReference; fileEncoding = 4; lastKnownFileType = sourcecode.swift; path = VzActivityType.swift; sourceTree = "<group>"; };
		264111A91FD146570045965A /* BaseContent.swift */ = {isa = PBXFileReference; fileEncoding = 4; lastKnownFileType = sourcecode.swift; path = BaseContent.swift; sourceTree = "<group>"; };
		264111AA1FD146570045965A /* BaseContentType.swift */ = {isa = PBXFileReference; fileEncoding = 4; lastKnownFileType = sourcecode.swift; path = BaseContentType.swift; sourceTree = "<group>"; };
		264111AB1FD146570045965A /* BaseMedia.swift */ = {isa = PBXFileReference; fileEncoding = 4; lastKnownFileType = sourcecode.swift; path = BaseMedia.swift; sourceTree = "<group>"; };
		264111AC1FD146570045965A /* BaseMediaContent.swift */ = {isa = PBXFileReference; fileEncoding = 4; lastKnownFileType = sourcecode.swift; path = BaseMediaContent.swift; sourceTree = "<group>"; };
		264111AD1FD146570045965A /* BaseResult.swift */ = {isa = PBXFileReference; fileEncoding = 4; lastKnownFileType = sourcecode.swift; path = BaseResult.swift; sourceTree = "<group>"; };
		264111AE1FD146570045965A /* BaseScheduleItem.swift */ = {isa = PBXFileReference; fileEncoding = 4; lastKnownFileType = sourcecode.swift; path = BaseScheduleItem.swift; sourceTree = "<group>"; };
		264111AF1FD146570045965A /* EntityBase.swift */ = {isa = PBXFileReference; fileEncoding = 4; lastKnownFileType = sourcecode.swift; path = EntityBase.swift; sourceTree = "<group>"; };
		264111B21FD146570045965A /* VzBrand.swift */ = {isa = PBXFileReference; fileEncoding = 4; lastKnownFileType = sourcecode.swift; path = VzBrand.swift; sourceTree = "<group>"; };
		264111B31FD146570045965A /* VzBrandMembership.swift */ = {isa = PBXFileReference; fileEncoding = 4; lastKnownFileType = sourcecode.swift; path = VzBrandMembership.swift; sourceTree = "<group>"; };
		264111B71FD146570045965A /* UnitMetricEnum.swift */ = {isa = PBXFileReference; fileEncoding = 4; lastKnownFileType = sourcecode.swift; path = UnitMetricEnum.swift; sourceTree = "<group>"; };
		264111B91FD146570045965A /* VzServiceError.swift */ = {isa = PBXFileReference; fileEncoding = 4; lastKnownFileType = sourcecode.swift; path = VzServiceError.swift; sourceTree = "<group>"; };
		264111BC1FD146570045965A /* VzMediaAsset.swift */ = {isa = PBXFileReference; fileEncoding = 4; lastKnownFileType = sourcecode.swift; path = VzMediaAsset.swift; sourceTree = "<group>"; };
		264111BD1FD146570045965A /* VzMediaAssetType.swift */ = {isa = PBXFileReference; fileEncoding = 4; lastKnownFileType = sourcecode.swift; path = VzMediaAssetType.swift; sourceTree = "<group>"; };
		264111BE1FD146570045965A /* VzMediaCategoryType.swift */ = {isa = PBXFileReference; fileEncoding = 4; lastKnownFileType = sourcecode.swift; path = VzMediaCategoryType.swift; sourceTree = "<group>"; };
		264111BF1FD146570045965A /* VzMediaContentType.swift */ = {isa = PBXFileReference; fileEncoding = 4; lastKnownFileType = sourcecode.swift; path = VzMediaContentType.swift; sourceTree = "<group>"; };
		264111C21FD146570045965A /* VzNetworkAccount.swift */ = {isa = PBXFileReference; fileEncoding = 4; lastKnownFileType = sourcecode.swift; path = VzNetworkAccount.swift; sourceTree = "<group>"; };
		264111C31FD146570045965A /* VzNetworkMessage.swift */ = {isa = PBXFileReference; fileEncoding = 4; lastKnownFileType = sourcecode.swift; path = VzNetworkMessage.swift; sourceTree = "<group>"; };
		264111C41FD146570045965A /* VzNetworkMessageType.swift */ = {isa = PBXFileReference; fileEncoding = 4; lastKnownFileType = sourcecode.swift; path = VzNetworkMessageType.swift; sourceTree = "<group>"; };
		264111C51FD146570045965A /* VzNetworkRelationship.swift */ = {isa = PBXFileReference; fileEncoding = 4; lastKnownFileType = sourcecode.swift; path = VzNetworkRelationship.swift; sourceTree = "<group>"; };
		264111C61FD146570045965A /* VzNetworkRelationshipType.swift */ = {isa = PBXFileReference; fileEncoding = 4; lastKnownFileType = sourcecode.swift; path = VzNetworkRelationshipType.swift; sourceTree = "<group>"; };
		264111C71FD146570045965A /* VzNetworkType.swift */ = {isa = PBXFileReference; fileEncoding = 4; lastKnownFileType = sourcecode.swift; path = VzNetworkType.swift; sourceTree = "<group>"; };
		264111CA1FD146570045965A /* VzNmScheduledUserProgramActivity.swift */ = {isa = PBXFileReference; fileEncoding = 4; lastKnownFileType = sourcecode.swift; path = VzNmScheduledUserProgramActivity.swift; sourceTree = "<group>"; };
		264111CB1FD146570045965A /* VzNmUserProgramActivity.swift */ = {isa = PBXFileReference; fileEncoding = 4; lastKnownFileType = sourcecode.swift; path = VzNmUserProgramActivity.swift; sourceTree = "<group>"; };
		264111CC1FD146570045965A /* VzProgram.swift */ = {isa = PBXFileReference; fileEncoding = 4; lastKnownFileType = sourcecode.swift; path = VzProgram.swift; sourceTree = "<group>"; };
		264111CD1FD146570045965A /* VzProgramAccessType.swift */ = {isa = PBXFileReference; fileEncoding = 4; lastKnownFileType = sourcecode.swift; path = VzProgramAccessType.swift; sourceTree = "<group>"; };
		264111CE1FD146570045965A /* VzProgramActivityAssignment.swift */ = {isa = PBXFileReference; fileEncoding = 4; lastKnownFileType = sourcecode.swift; path = VzProgramActivityAssignment.swift; sourceTree = "<group>"; };
		264111CF1FD146570045965A /* VzProgramCategoryType.swift */ = {isa = PBXFileReference; fileEncoding = 4; lastKnownFileType = sourcecode.swift; path = VzProgramCategoryType.swift; sourceTree = "<group>"; };
		264111D01FD146570045965A /* VzProgramStatusType.swift */ = {isa = PBXFileReference; fileEncoding = 4; lastKnownFileType = sourcecode.swift; path = VzProgramStatusType.swift; sourceTree = "<group>"; };
		264111D31FD146570045965A /* VzServiceResult.swift */ = {isa = PBXFileReference; fileEncoding = 4; lastKnownFileType = sourcecode.swift; path = VzServiceResult.swift; sourceTree = "<group>"; };
		264111D61FD146570045965A /* VzScheduleDayType.swift */ = {isa = PBXFileReference; fileEncoding = 4; lastKnownFileType = sourcecode.swift; path = VzScheduleDayType.swift; sourceTree = "<group>"; };
		264111D71FD146570045965A /* VzScheduleTimeType.swift */ = {isa = PBXFileReference; fileEncoding = 4; lastKnownFileType = sourcecode.swift; path = VzScheduleTimeType.swift; sourceTree = "<group>"; };
		264111DA1FD146570045965A /* VzMetricUnitAttributeType.swift */ = {isa = PBXFileReference; fileEncoding = 4; lastKnownFileType = sourcecode.swift; path = VzMetricUnitAttributeType.swift; sourceTree = "<group>"; };
		264111DB1FD146570045965A /* VzMetricUnitType.swift */ = {isa = PBXFileReference; fileEncoding = 4; lastKnownFileType = sourcecode.swift; path = VzMetricUnitType.swift; sourceTree = "<group>"; };
		264111DE1FD146570045965A /* UserContext.swift */ = {isa = PBXFileReference; fileEncoding = 4; lastKnownFileType = sourcecode.swift; path = UserContext.swift; sourceTree = "<group>"; };
		264111DF1FD146570045965A /* VzAccount.swift */ = {isa = PBXFileReference; fileEncoding = 4; lastKnownFileType = sourcecode.swift; path = VzAccount.swift; sourceTree = "<group>"; };
		264111E01FD146570045965A /* VzProfile.swift */ = {isa = PBXFileReference; fileEncoding = 4; lastKnownFileType = sourcecode.swift; path = VzProfile.swift; sourceTree = "<group>"; };
		264111E11FD146570045965A /* VzSession.swift */ = {isa = PBXFileReference; fileEncoding = 4; lastKnownFileType = sourcecode.swift; path = VzSession.swift; sourceTree = "<group>"; };
		264111E21FD146570045965A /* VzUser.swift */ = {isa = PBXFileReference; fileEncoding = 4; lastKnownFileType = sourcecode.swift; path = VzUser.swift; sourceTree = "<group>"; };
		264111E31FD146570045965A /* VzUserProgram.swift */ = {isa = PBXFileReference; fileEncoding = 4; lastKnownFileType = sourcecode.swift; path = VzUserProgram.swift; sourceTree = "<group>"; };
		264111E41FD146570045965A /* VzUserProgramStatusType.swift */ = {isa = PBXFileReference; fileEncoding = 4; lastKnownFileType = sourcecode.swift; path = VzUserProgramStatusType.swift; sourceTree = "<group>"; };
		264111E51FD146570045965A /* VzUserType.swift */ = {isa = PBXFileReference; fileEncoding = 4; lastKnownFileType = sourcecode.swift; path = VzUserType.swift; sourceTree = "<group>"; };
		264112251FD146680045965A /* DataTypeInitializer.swift */ = {isa = PBXFileReference; fileEncoding = 4; lastKnownFileType = sourcecode.swift; path = DataTypeInitializer.swift; sourceTree = "<group>"; };
		264112271FD146690045965A /* ActivityFacadeManifestServiceDefinition.swift */ = {isa = PBXFileReference; fileEncoding = 4; lastKnownFileType = sourcecode.swift; path = ActivityFacadeManifestServiceDefinition.swift; sourceTree = "<group>"; };
		264112281FD146690045965A /* ActivityFacadeServiceDefinition.swift */ = {isa = PBXFileReference; fileEncoding = 4; lastKnownFileType = sourcecode.swift; path = ActivityFacadeServiceDefinition.swift; sourceTree = "<group>"; };
		264112291FD146690045965A /* CloudStorageFacadeManifestServiceDefinition.swift */ = {isa = PBXFileReference; fileEncoding = 4; lastKnownFileType = sourcecode.swift; path = CloudStorageFacadeManifestServiceDefinition.swift; sourceTree = "<group>"; };
		2641122A1FD146690045965A /* CloudStorageFacadeServiceDefinition.swift */ = {isa = PBXFileReference; fileEncoding = 4; lastKnownFileType = sourcecode.swift; path = CloudStorageFacadeServiceDefinition.swift; sourceTree = "<group>"; };
		2641122B1FD146690045965A /* UserFacadeManifestServiceDefinition.swift */ = {isa = PBXFileReference; fileEncoding = 4; lastKnownFileType = sourcecode.swift; path = UserFacadeManifestServiceDefinition.swift; sourceTree = "<group>"; };
		2641122C1FD146690045965A /* UserFacadeServiceDefinition.swift */ = {isa = PBXFileReference; fileEncoding = 4; lastKnownFileType = sourcecode.swift; path = UserFacadeServiceDefinition.swift; sourceTree = "<group>"; };
		26A4EE5C1F04EA1B008038A9 /* UIViewController+Extensions.swift */ = {isa = PBXFileReference; fileEncoding = 4; lastKnownFileType = sourcecode.swift; path = "UIViewController+Extensions.swift"; sourceTree = "<group>"; };
/* End PBXFileReference section */

/* Begin PBXFrameworksBuildPhase section */
		261E1ABA1EE8C4D600A0D2B5 /* Frameworks */ = {
			isa = PBXFrameworksBuildPhase;
			buildActionMask = 2147483647;
			files = (
				261C8D831F78AB7D00126056 /* SwiftAMFRemoter.framework in Frameworks */,
			);
			runOnlyForDeploymentPostprocessing = 0;
		};
/* End PBXFrameworksBuildPhase section */

/* Begin PBXGroup section */
		260ACC9C1EE997010066231C /* Constants */ = {
			isa = PBXGroup;
			children = (
				260ACC9D1EE997010066231C /* ServiceConstants.swift */,
			);
			path = Constants;
			sourceTree = "<group>";
		};
		260ACC9E1EE997010066231C /* Service */ = {
			isa = PBXGroup;
			children = (
				264112261FD146690045965A /* definitions */,
				264112241FD146680045965A /* map */,
			);
			path = Service;
			sourceTree = "<group>";
		};
		260ACCA51EE997010066231C /* Model */ = {
			isa = PBXGroup;
			children = (
				264111881FD146570045965A /* com */,
				260ACCF21EE997010066231C /* PunchJunkieModel.swift */,
			);
			path = Model;
			sourceTree = "<group>";
		};
		261E1AB41EE8C4D600A0D2B5 = {
			isa = PBXGroup;
			children = (
				261E1ABF1EE8C4D600A0D2B5 /* Example */,
				261E1ABE1EE8C4D600A0D2B5 /* Products */,
				266EAE5D1F5B493C00667BB8 /* Frameworks */,
			);
			sourceTree = "<group>";
		};
		261E1ABE1EE8C4D600A0D2B5 /* Products */ = {
			isa = PBXGroup;
			children = (
				261E1ABD1EE8C4D600A0D2B5 /* Example.app */,
			);
			name = Products;
			sourceTree = "<group>";
		};
		261E1ABF1EE8C4D600A0D2B5 /* Example */ = {
			isa = PBXGroup;
			children = (
				26375BE41F9EA6490003C942 /* Utilities */,
				26A4EE5B1F04E9EC008038A9 /* Extensions */,
				260ACC9C1EE997010066231C /* Constants */,
				260ACC9E1EE997010066231C /* Service */,
				260ACCA51EE997010066231C /* Model */,
				261E1AC01EE8C4D600A0D2B5 /* AppDelegate.swift */,
				261E1AC21EE8C4D600A0D2B5 /* ViewController.swift */,
				261E1AC41EE8C4D600A0D2B5 /* Main.storyboard */,
				261E1AC71EE8C4D600A0D2B5 /* Assets.xcassets */,
				261E1AC91EE8C4D600A0D2B5 /* LaunchScreen.storyboard */,
				261E1ACC1EE8C4D600A0D2B5 /* Info.plist */,
			);
			path = Example;
			sourceTree = "<group>";
		};
		26375BE41F9EA6490003C942 /* Utilities */ = {
			isa = PBXGroup;
			children = (
			);
			path = Utilities;
			sourceTree = "<group>";
		};
		264111881FD146570045965A /* com */ = {
			isa = PBXGroup;
			children = (
				264111891FD146570045965A /* vizifit */,
			);
			path = com;
			sourceTree = "<group>";
		};
		264111891FD146570045965A /* vizifit */ = {
			isa = PBXGroup;
			children = (
				2641118A1FD146570045965A /* api */,
			);
			path = vizifit;
			sourceTree = "<group>";
		};
		2641118A1FD146570045965A /* api */ = {
			isa = PBXGroup;
			children = (
				2641118B1FD146570045965A /* common */,
				2641118F1FD146570045965A /* facade */,
				264111971FD146570045965A /* model */,
			);
			path = api;
			sourceTree = "<group>";
		};
		2641118B1FD146570045965A /* common */ = {
			isa = PBXGroup;
			children = (
				2641118C1FD146570045965A /* vo */,
			);
			path = common;
			sourceTree = "<group>";
		};
		2641118C1FD146570045965A /* vo */ = {
			isa = PBXGroup;
			children = (
				2641118D1FD146570045965A /* ConfigurationData.swift */,
				2641118E1FD146570045965A /* VzException.swift */,
			);
			path = vo;
			sourceTree = "<group>";
		};
		2641118F1FD146570045965A /* facade */ = {
			isa = PBXGroup;
			children = (
				264111901FD146570045965A /* ActivityFacadeModel.swift */,
				264111911FD146570045965A /* CloudStorageFacadeModel.swift */,
				264111921FD146570045965A /* UserFacadeModel.swift */,
				264111931FD146570045965A /* vo */,
			);
			path = facade;
			sourceTree = "<group>";
		};
		264111931FD146570045965A /* vo */ = {
			isa = PBXGroup;
			children = (
				264111941FD146570045965A /* ActivityFacadeManifest.swift */,
				264111951FD146570045965A /* CloudStorageFacadeManifest.swift */,
				264111961FD146570045965A /* UserFacadeManifest.swift */,
			);
			path = vo;
			sourceTree = "<group>";
		};
		264111971FD146570045965A /* model */ = {
			isa = PBXGroup;
			children = (
				264111981FD146570045965A /* activity */,
				264111A71FD146570045965A /* base */,
				264111B01FD146570045965A /* brand */,
				264111B41FD146570045965A /* common */,
				264111BA1FD146570045965A /* media */,
				264111C01FD146570045965A /* network */,
				264111C81FD146570045965A /* program */,
				264111D11FD146570045965A /* result */,
				264111D41FD146570045965A /* schedule */,
				264111D81FD146570045965A /* system */,
				264111DC1FD146570045965A /* user */,
			);
			path = model;
			sourceTree = "<group>";
		};
		264111981FD146570045965A /* activity */ = {
			isa = PBXGroup;
			children = (
				264111991FD146570045965A /* vo */,
			);
			path = activity;
			sourceTree = "<group>";
		};
		264111991FD146570045965A /* vo */ = {
			isa = PBXGroup;
			children = (
				2641119A1FD146570045965A /* ActivityConfigurationData.swift */,
				2641119B1FD146570045965A /* VzActivity.swift */,
				2641119C1FD146570045965A /* VzActivityAttributeType.swift */,
				2641119D1FD146570045965A /* VzActivityEquipmentType.swift */,
				2641119E1FD146570045965A /* VzActivityGoalType.swift */,
				2641119F1FD146570045965A /* VzActivityItem.swift */,
				264111A01FD146570045965A /* VzActivityItemList.swift */,
				264111A11FD146570045965A /* VzActivityItemListAssignment.swift */,
				264111A21FD146570045965A /* VzActivityItemThemeType.swift */,
				264111A31FD146570045965A /* VzActivityLevelType.swift */,
				264111A41FD146570045965A /* VzActivityScheduleItem.swift */,
				264111A51FD146570045965A /* VzActivityThemeType.swift */,
				264111A61FD146570045965A /* VzActivityType.swift */,
			);
			path = vo;
			sourceTree = "<group>";
		};
		264111A71FD146570045965A /* base */ = {
			isa = PBXGroup;
			children = (
				264111A81FD146570045965A /* vo */,
			);
			path = base;
			sourceTree = "<group>";
		};
		264111A81FD146570045965A /* vo */ = {
			isa = PBXGroup;
			children = (
				264111A91FD146570045965A /* BaseContent.swift */,
				264111AA1FD146570045965A /* BaseContentType.swift */,
				264111AB1FD146570045965A /* BaseMedia.swift */,
				264111AC1FD146570045965A /* BaseMediaContent.swift */,
				264111AD1FD146570045965A /* BaseResult.swift */,
				264111AE1FD146570045965A /* BaseScheduleItem.swift */,
				264111AF1FD146570045965A /* EntityBase.swift */,
			);
			path = vo;
			sourceTree = "<group>";
		};
		264111B01FD146570045965A /* brand */ = {
			isa = PBXGroup;
			children = (
				264111B11FD146570045965A /* vo */,
			);
			path = brand;
			sourceTree = "<group>";
		};
		264111B11FD146570045965A /* vo */ = {
			isa = PBXGroup;
			children = (
				264111B21FD146570045965A /* VzBrand.swift */,
				264111B31FD146570045965A /* VzBrandMembership.swift */,
			);
			path = vo;
			sourceTree = "<group>";
		};
		264111B41FD146570045965A /* common */ = {
			isa = PBXGroup;
			children = (
				264111B51FD146570045965A /* enum */,
				264111B81FD146570045965A /* vo */,
			);
			path = common;
			sourceTree = "<group>";
		};
		264111B51FD146570045965A /* enum */ = {
			isa = PBXGroup;
			children = (
				264111B61FD146570045965A /* enum */,
			);
			path = enum;
			sourceTree = "<group>";
		};
		264111B61FD146570045965A /* enum */ = {
			isa = PBXGroup;
			children = (
				264111B71FD146570045965A /* UnitMetricEnum.swift */,
			);
			path = enum;
			sourceTree = "<group>";
		};
		264111B81FD146570045965A /* vo */ = {
			isa = PBXGroup;
			children = (
				264111B91FD146570045965A /* VzServiceError.swift */,
			);
			path = vo;
			sourceTree = "<group>";
		};
		264111BA1FD146570045965A /* media */ = {
			isa = PBXGroup;
			children = (
				264111BB1FD146570045965A /* vo */,
			);
			path = media;
			sourceTree = "<group>";
		};
		264111BB1FD146570045965A /* vo */ = {
			isa = PBXGroup;
			children = (
				264111BC1FD146570045965A /* VzMediaAsset.swift */,
				264111BD1FD146570045965A /* VzMediaAssetType.swift */,
				264111BE1FD146570045965A /* VzMediaCategoryType.swift */,
				264111BF1FD146570045965A /* VzMediaContentType.swift */,
			);
			path = vo;
			sourceTree = "<group>";
		};
		264111C01FD146570045965A /* network */ = {
			isa = PBXGroup;
			children = (
				264111C11FD146570045965A /* vo */,
			);
			path = network;
			sourceTree = "<group>";
		};
		264111C11FD146570045965A /* vo */ = {
			isa = PBXGroup;
			children = (
				264111C21FD146570045965A /* VzNetworkAccount.swift */,
				264111C31FD146570045965A /* VzNetworkMessage.swift */,
				264111C41FD146570045965A /* VzNetworkMessageType.swift */,
				264111C51FD146570045965A /* VzNetworkRelationship.swift */,
				264111C61FD146570045965A /* VzNetworkRelationshipType.swift */,
				264111C71FD146570045965A /* VzNetworkType.swift */,
			);
			path = vo;
			sourceTree = "<group>";
		};
		264111C81FD146570045965A /* program */ = {
			isa = PBXGroup;
			children = (
				264111C91FD146570045965A /* vo */,
			);
			path = program;
			sourceTree = "<group>";
		};
		264111C91FD146570045965A /* vo */ = {
			isa = PBXGroup;
			children = (
				264111CA1FD146570045965A /* VzNmScheduledUserProgramActivity.swift */,
				264111CB1FD146570045965A /* VzNmUserProgramActivity.swift */,
				264111CC1FD146570045965A /* VzProgram.swift */,
				264111CD1FD146570045965A /* VzProgramAccessType.swift */,
				264111CE1FD146570045965A /* VzProgramActivityAssignment.swift */,
				264111CF1FD146570045965A /* VzProgramCategoryType.swift */,
				264111D01FD146570045965A /* VzProgramStatusType.swift */,
			);
			path = vo;
			sourceTree = "<group>";
		};
		264111D11FD146570045965A /* result */ = {
			isa = PBXGroup;
			children = (
				264111D21FD146570045965A /* vo */,
			);
			path = result;
			sourceTree = "<group>";
		};
		264111D21FD146570045965A /* vo */ = {
			isa = PBXGroup;
			children = (
				264111D31FD146570045965A /* VzServiceResult.swift */,
			);
			path = vo;
			sourceTree = "<group>";
		};
		264111D41FD146570045965A /* schedule */ = {
			isa = PBXGroup;
			children = (
				264111D51FD146570045965A /* vo */,
			);
			path = schedule;
			sourceTree = "<group>";
		};
		264111D51FD146570045965A /* vo */ = {
			isa = PBXGroup;
			children = (
				264111D61FD146570045965A /* VzScheduleDayType.swift */,
				264111D71FD146570045965A /* VzScheduleTimeType.swift */,
			);
			path = vo;
			sourceTree = "<group>";
		};
		264111D81FD146570045965A /* system */ = {
			isa = PBXGroup;
			children = (
				264111D91FD146570045965A /* vo */,
			);
			path = system;
			sourceTree = "<group>";
		};
		264111D91FD146570045965A /* vo */ = {
			isa = PBXGroup;
			children = (
				264111DA1FD146570045965A /* VzMetricUnitAttributeType.swift */,
				264111DB1FD146570045965A /* VzMetricUnitType.swift */,
			);
			path = vo;
			sourceTree = "<group>";
		};
		264111DC1FD146570045965A /* user */ = {
			isa = PBXGroup;
			children = (
				264111DD1FD146570045965A /* vo */,
			);
			path = user;
			sourceTree = "<group>";
		};
		264111DD1FD146570045965A /* vo */ = {
			isa = PBXGroup;
			children = (
				264111DE1FD146570045965A /* UserContext.swift */,
				264111DF1FD146570045965A /* VzAccount.swift */,
				264111E01FD146570045965A /* VzProfile.swift */,
				264111E11FD146570045965A /* VzSession.swift */,
				264111E21FD146570045965A /* VzUser.swift */,
				264111E31FD146570045965A /* VzUserProgram.swift */,
				264111E41FD146570045965A /* VzUserProgramStatusType.swift */,
				264111E51FD146570045965A /* VzUserType.swift */,
			);
			path = vo;
			sourceTree = "<group>";
		};
		264112241FD146680045965A /* map */ = {
			isa = PBXGroup;
			children = (
				264112251FD146680045965A /* DataTypeInitializer.swift */,
			);
			path = map;
			sourceTree = "<group>";
		};
		264112261FD146690045965A /* definitions */ = {
			isa = PBXGroup;
			children = (
				264112271FD146690045965A /* ActivityFacadeManifestServiceDefinition.swift */,
				264112281FD146690045965A /* ActivityFacadeServiceDefinition.swift */,
				264112291FD146690045965A /* CloudStorageFacadeManifestServiceDefinition.swift */,
				2641122A1FD146690045965A /* CloudStorageFacadeServiceDefinition.swift */,
				2641122B1FD146690045965A /* UserFacadeManifestServiceDefinition.swift */,
				2641122C1FD146690045965A /* UserFacadeServiceDefinition.swift */,
			);
			path = definitions;
			sourceTree = "<group>";
		};
		266EAE5D1F5B493C00667BB8 /* Frameworks */ = {
			isa = PBXGroup;
			children = (
				261C8D851F78AB7D00126056 /* SwiftAMFRemoter.framework */,
			);
			name = Frameworks;
			sourceTree = "<group>";
		};
		26A4EE5B1F04E9EC008038A9 /* Extensions */ = {
			isa = PBXGroup;
			children = (
				26A4EE5C1F04EA1B008038A9 /* UIViewController+Extensions.swift */,
			);
			path = Extensions;
			sourceTree = "<group>";
		};
/* End PBXGroup section */

/* Begin PBXNativeTarget section */
		261E1ABC1EE8C4D600A0D2B5 /* Example */ = {
			isa = PBXNativeTarget;
			buildConfigurationList = 261E1ACF1EE8C4D600A0D2B5 /* Build configuration list for PBXNativeTarget "Example" */;
			buildPhases = (
				261E1AB91EE8C4D600A0D2B5 /* Sources */,
				261E1ABA1EE8C4D600A0D2B5 /* Frameworks */,
				261E1ABB1EE8C4D600A0D2B5 /* Resources */,
				266EAE491F5B356400667BB8 /* Embed Frameworks */,
				266EAE5A1F5B48C300667BB8 /* CopyFiles */,
			);
			buildRules = (
			);
			dependencies = (
			);
			name = Example;
			productName = Example;
			productReference = 261E1ABD1EE8C4D600A0D2B5 /* Example.app */;
			productType = "com.apple.product-type.application";
		};
/* End PBXNativeTarget section */

/* Begin PBXProject section */
		261E1AB51EE8C4D600A0D2B5 /* Project object */ = {
			isa = PBXProject;
			attributes = {
				LastSwiftUpdateCheck = 0830;
				LastUpgradeCheck = 0900;
				ORGANIZATIONNAME = "Tony Henderson";
				TargetAttributes = {
					261E1ABC1EE8C4D600A0D2B5 = {
						CreatedOnToolsVersion = 8.3.2;
						DevelopmentTeam = 4R87445M8P;
						ProvisioningStyle = Automatic;
					};
				};
			};
			buildConfigurationList = 261E1AB81EE8C4D600A0D2B5 /* Build configuration list for PBXProject "Example" */;
			compatibilityVersion = "Xcode 3.2";
			developmentRegion = English;
			hasScannedForEncodings = 0;
			knownRegions = (
				en,
				Base,
			);
			mainGroup = 261E1AB41EE8C4D600A0D2B5;
			productRefGroup = 261E1ABE1EE8C4D600A0D2B5 /* Products */;
			projectDirPath = "";
			projectRoot = "";
			targets = (
				261E1ABC1EE8C4D600A0D2B5 /* Example */,
			);
		};
/* End PBXProject section */

/* Begin PBXResourcesBuildPhase section */
		261E1ABB1EE8C4D600A0D2B5 /* Resources */ = {
			isa = PBXResourcesBuildPhase;
			buildActionMask = 2147483647;
			files = (
				261E1ACB1EE8C4D600A0D2B5 /* LaunchScreen.storyboard in Resources */,
				261E1AC81EE8C4D600A0D2B5 /* Assets.xcassets in Resources */,
				261E1AC61EE8C4D600A0D2B5 /* Main.storyboard in Resources */,
			);
			runOnlyForDeploymentPostprocessing = 0;
		};
/* End PBXResourcesBuildPhase section */

/* Begin PBXSourcesBuildPhase section */
		261E1AB91EE8C4D600A0D2B5 /* Sources */ = {
			isa = PBXSourcesBuildPhase;
			buildActionMask = 2147483647;
			files = (
				264112041FD146570045965A /* UnitMetricEnum.swift in Sources */,
				264112101FD146570045965A /* VzNmScheduledUserProgramActivity.swift in Sources */,
				264112231FD146570045965A /* VzUserType.swift in Sources */,
				260ACCF31EE997010066231C /* ServiceConstants.swift in Sources */,
				264111FF1FD146570045965A /* BaseResult.swift in Sources */,
				264111FD1FD146570045965A /* BaseMedia.swift in Sources */,
				264112081FD146570045965A /* VzMediaCategoryType.swift in Sources */,
				264112141FD146570045965A /* VzProgramActivityAssignment.swift in Sources */,
				264112221FD146570045965A /* VzUserProgramStatusType.swift in Sources */,
				264112021FD146570045965A /* VzBrand.swift in Sources */,
				264112161FD146570045965A /* VzProgramStatusType.swift in Sources */,
				264111EF1FD146570045965A /* VzActivity.swift in Sources */,
				264111F91FD146570045965A /* VzActivityThemeType.swift in Sources */,
				264111E71FD146570045965A /* VzException.swift in Sources */,
				264111FE1FD146570045965A /* BaseMediaContent.swift in Sources */,
				2641120C1FD146570045965A /* VzNetworkMessageType.swift in Sources */,
				264112121FD146570045965A /* VzProgram.swift in Sources */,
				264112011FD146570045965A /* EntityBase.swift in Sources */,
				260ACD291EE997010066231C /* PunchJunkieModel.swift in Sources */,
				264112001FD146570045965A /* BaseScheduleItem.swift in Sources */,
				264112131FD146570045965A /* VzProgramAccessType.swift in Sources */,
				264112191FD146570045965A /* VzScheduleTimeType.swift in Sources */,
				264112311FD146690045965A /* CloudStorageFacadeServiceDefinition.swift in Sources */,
				264111EE1FD146570045965A /* ActivityConfigurationData.swift in Sources */,
				264111F31FD146570045965A /* VzActivityItem.swift in Sources */,
				2641122E1FD146690045965A /* ActivityFacadeManifestServiceDefinition.swift in Sources */,
				2641122F1FD146690045965A /* ActivityFacadeServiceDefinition.swift in Sources */,
				264112201FD146570045965A /* VzUser.swift in Sources */,
				264112031FD146570045965A /* VzBrandMembership.swift in Sources */,
				264112321FD146690045965A /* UserFacadeManifestServiceDefinition.swift in Sources */,
				264111FB1FD146570045965A /* BaseContent.swift in Sources */,
				264111E61FD146570045965A /* ConfigurationData.swift in Sources */,
				2641122D1FD146690045965A /* DataTypeInitializer.swift in Sources */,
				264111F61FD146570045965A /* VzActivityItemThemeType.swift in Sources */,
				264111F81FD146570045965A /* VzActivityScheduleItem.swift in Sources */,
				264111F11FD146570045965A /* VzActivityEquipmentType.swift in Sources */,
				264112211FD146570045965A /* VzUserProgram.swift in Sources */,
				2641121A1FD146570045965A /* VzMetricUnitAttributeType.swift in Sources */,
				264111F21FD146570045965A /* VzActivityGoalType.swift in Sources */,
				264111EA1FD146570045965A /* UserFacadeModel.swift in Sources */,
				261E1AC31EE8C4D600A0D2B5 /* ViewController.swift in Sources */,
				2641121F1FD146570045965A /* VzSession.swift in Sources */,
				2641121B1FD146570045965A /* VzMetricUnitType.swift in Sources */,
				264111EB1FD146570045965A /* ActivityFacadeManifest.swift in Sources */,
				264112301FD146690045965A /* CloudStorageFacadeManifestServiceDefinition.swift in Sources */,
				264111F71FD146570045965A /* VzActivityLevelType.swift in Sources */,
				264112151FD146570045965A /* VzProgramCategoryType.swift in Sources */,
				261E1AC11EE8C4D600A0D2B5 /* AppDelegate.swift in Sources */,
				264111EC1FD146570045965A /* CloudStorageFacadeManifest.swift in Sources */,
				2641121D1FD146570045965A /* VzAccount.swift in Sources */,
				2641121E1FD146570045965A /* VzProfile.swift in Sources */,
				264112071FD146570045965A /* VzMediaAssetType.swift in Sources */,
				264112061FD146570045965A /* VzMediaAsset.swift in Sources */,
				2641121C1FD146570045965A /* UserContext.swift in Sources */,
				2641120A1FD146570045965A /* VzNetworkAccount.swift in Sources */,
				264111F51FD146570045965A /* VzActivityItemListAssignment.swift in Sources */,
				2641120F1FD146570045965A /* VzNetworkType.swift in Sources */,
				264112171FD146570045965A /* VzServiceResult.swift in Sources */,
				264111F01FD146570045965A /* VzActivityAttributeType.swift in Sources */,
				264112091FD146570045965A /* VzMediaContentType.swift in Sources */,
				264111F41FD146570045965A /* VzActivityItemList.swift in Sources */,
				264112331FD146690045965A /* UserFacadeServiceDefinition.swift in Sources */,
				2641120D1FD146570045965A /* VzNetworkRelationship.swift in Sources */,
				264111E81FD146570045965A /* ActivityFacadeModel.swift in Sources */,
				2641120B1FD146570045965A /* VzNetworkMessage.swift in Sources */,
				264111E91FD146570045965A /* CloudStorageFacadeModel.swift in Sources */,
				264112051FD146570045965A /* VzServiceError.swift in Sources */,
				264111FC1FD146570045965A /* BaseContentType.swift in Sources */,
				2641120E1FD146570045965A /* VzNetworkRelationshipType.swift in Sources */,
				264111ED1FD146570045965A /* UserFacadeManifest.swift in Sources */,
				264111FA1FD146570045965A /* VzActivityType.swift in Sources */,
				264112111FD146570045965A /* VzNmUserProgramActivity.swift in Sources */,
				26A4EE5D1F04EA1B008038A9 /* UIViewController+Extensions.swift in Sources */,
				264112181FD146570045965A /* VzScheduleDayType.swift in Sources */,
			);
			runOnlyForDeploymentPostprocessing = 0;
		};
/* End PBXSourcesBuildPhase section */

/* Begin PBXVariantGroup section */
		261E1AC41EE8C4D600A0D2B5 /* Main.storyboard */ = {
			isa = PBXVariantGroup;
			children = (
				261E1AC51EE8C4D600A0D2B5 /* Base */,
			);
			name = Main.storyboard;
			sourceTree = "<group>";
		};
		261E1AC91EE8C4D600A0D2B5 /* LaunchScreen.storyboard */ = {
			isa = PBXVariantGroup;
			children = (
				261E1ACA1EE8C4D600A0D2B5 /* Base */,
			);
			name = LaunchScreen.storyboard;
			sourceTree = "<group>";
		};
/* End PBXVariantGroup section */

/* Begin XCBuildConfiguration section */
		261E1ACD1EE8C4D600A0D2B5 /* Debug */ = {
			isa = XCBuildConfiguration;
			buildSettings = {
				ALWAYS_SEARCH_USER_PATHS = NO;
				CLANG_ANALYZER_NONNULL = YES;
				CLANG_ANALYZER_NUMBER_OBJECT_CONVERSION = YES_AGGRESSIVE;
				CLANG_CXX_LANGUAGE_STANDARD = "gnu++0x";
				CLANG_CXX_LIBRARY = "libc++";
				CLANG_ENABLE_MODULES = YES;
				CLANG_ENABLE_OBJC_ARC = YES;
				CLANG_WARN_BLOCK_CAPTURE_AUTORELEASING = YES;
				CLANG_WARN_BOOL_CONVERSION = YES;
				CLANG_WARN_COMMA = YES;
				CLANG_WARN_CONSTANT_CONVERSION = YES;
				CLANG_WARN_DIRECT_OBJC_ISA_USAGE = YES_ERROR;
				CLANG_WARN_DOCUMENTATION_COMMENTS = YES;
				CLANG_WARN_EMPTY_BODY = YES;
				CLANG_WARN_ENUM_CONVERSION = YES;
				CLANG_WARN_INFINITE_RECURSION = YES;
				CLANG_WARN_INT_CONVERSION = YES;
				CLANG_WARN_NON_LITERAL_NULL_CONVERSION = YES;
				CLANG_WARN_OBJC_LITERAL_CONVERSION = YES;
				CLANG_WARN_OBJC_ROOT_CLASS = YES_ERROR;
				CLANG_WARN_RANGE_LOOP_ANALYSIS = YES;
				CLANG_WARN_STRICT_PROTOTYPES = YES;
				CLANG_WARN_SUSPICIOUS_MOVE = YES;
				CLANG_WARN_UNREACHABLE_CODE = YES;
				CLANG_WARN__DUPLICATE_METHOD_MATCH = YES;
				"CODE_SIGN_IDENTITY[sdk=iphoneos*]" = "iPhone Developer";
				COPY_PHASE_STRIP = NO;
				DEBUG_INFORMATION_FORMAT = dwarf;
				ENABLE_STRICT_OBJC_MSGSEND = YES;
				ENABLE_TESTABILITY = YES;
				FRAMEWORK_SEARCH_PATHS = "$(SRCROOT)/../Carthage/build/iOS";
				GCC_C_LANGUAGE_STANDARD = gnu99;
				GCC_DYNAMIC_NO_PIC = NO;
				GCC_NO_COMMON_BLOCKS = YES;
				GCC_OPTIMIZATION_LEVEL = 0;
				GCC_PREPROCESSOR_DEFINITIONS = (
					"DEBUG=1",
					"$(inherited)",
				);
				GCC_WARN_64_TO_32_BIT_CONVERSION = YES;
				GCC_WARN_ABOUT_RETURN_TYPE = YES_ERROR;
				GCC_WARN_UNDECLARED_SELECTOR = YES;
				GCC_WARN_UNINITIALIZED_AUTOS = YES_AGGRESSIVE;
				GCC_WARN_UNUSED_FUNCTION = YES;
				GCC_WARN_UNUSED_VARIABLE = YES;
				IPHONEOS_DEPLOYMENT_TARGET = 10.3;
				MTL_ENABLE_DEBUG_INFO = YES;
				ONLY_ACTIVE_ARCH = YES;
				SDKROOT = iphoneos;
				SWIFT_ACTIVE_COMPILATION_CONDITIONS = DEBUG;
				SWIFT_OPTIMIZATION_LEVEL = "-Onone";
			};
			name = Debug;
		};
		261E1ACE1EE8C4D600A0D2B5 /* Release */ = {
			isa = XCBuildConfiguration;
			buildSettings = {
				ALWAYS_SEARCH_USER_PATHS = NO;
				CLANG_ANALYZER_NONNULL = YES;
				CLANG_ANALYZER_NUMBER_OBJECT_CONVERSION = YES_AGGRESSIVE;
				CLANG_CXX_LANGUAGE_STANDARD = "gnu++0x";
				CLANG_CXX_LIBRARY = "libc++";
				CLANG_ENABLE_MODULES = YES;
				CLANG_ENABLE_OBJC_ARC = YES;
				CLANG_WARN_BLOCK_CAPTURE_AUTORELEASING = YES;
				CLANG_WARN_BOOL_CONVERSION = YES;
				CLANG_WARN_COMMA = YES;
				CLANG_WARN_CONSTANT_CONVERSION = YES;
				CLANG_WARN_DIRECT_OBJC_ISA_USAGE = YES_ERROR;
				CLANG_WARN_DOCUMENTATION_COMMENTS = YES;
				CLANG_WARN_EMPTY_BODY = YES;
				CLANG_WARN_ENUM_CONVERSION = YES;
				CLANG_WARN_INFINITE_RECURSION = YES;
				CLANG_WARN_INT_CONVERSION = YES;
				CLANG_WARN_NON_LITERAL_NULL_CONVERSION = YES;
				CLANG_WARN_OBJC_LITERAL_CONVERSION = YES;
				CLANG_WARN_OBJC_ROOT_CLASS = YES_ERROR;
				CLANG_WARN_RANGE_LOOP_ANALYSIS = YES;
				CLANG_WARN_STRICT_PROTOTYPES = YES;
				CLANG_WARN_SUSPICIOUS_MOVE = YES;
				CLANG_WARN_UNREACHABLE_CODE = YES;
				CLANG_WARN__DUPLICATE_METHOD_MATCH = YES;
				"CODE_SIGN_IDENTITY[sdk=iphoneos*]" = "iPhone Developer";
				COPY_PHASE_STRIP = NO;
				DEBUG_INFORMATION_FORMAT = "dwarf-with-dsym";
				ENABLE_NS_ASSERTIONS = NO;
				ENABLE_STRICT_OBJC_MSGSEND = YES;
				FRAMEWORK_SEARCH_PATHS = "$(SRCROOT)/../Carthage/build/iOS";
				GCC_C_LANGUAGE_STANDARD = gnu99;
				GCC_NO_COMMON_BLOCKS = YES;
				GCC_WARN_64_TO_32_BIT_CONVERSION = YES;
				GCC_WARN_ABOUT_RETURN_TYPE = YES_ERROR;
				GCC_WARN_UNDECLARED_SELECTOR = YES;
				GCC_WARN_UNINITIALIZED_AUTOS = YES_AGGRESSIVE;
				GCC_WARN_UNUSED_FUNCTION = YES;
				GCC_WARN_UNUSED_VARIABLE = YES;
				IPHONEOS_DEPLOYMENT_TARGET = 10.3;
				MTL_ENABLE_DEBUG_INFO = NO;
				SDKROOT = iphoneos;
				SWIFT_OPTIMIZATION_LEVEL = "-Owholemodule";
				VALIDATE_PRODUCT = YES;
			};
			name = Release;
		};
		261E1AD01EE8C4D600A0D2B5 /* Debug */ = {
			isa = XCBuildConfiguration;
			buildSettings = {
				ASSETCATALOG_COMPILER_APPICON_NAME = AppIcon;
				DEVELOPMENT_TEAM = 4R87445M8P;
				INFOPLIST_FILE = Example/Info.plist;
				IPHONEOS_DEPLOYMENT_TARGET = 10.3;
				LD_RUNPATH_SEARCH_PATHS = "$(inherited) @executable_path/Frameworks";
				PRODUCT_BUNDLE_IDENTIFIER = com.ahhenderson.Example;
				PRODUCT_NAME = "$(TARGET_NAME)";
				SWIFT_VERSION = 4.0;
			};
			name = Debug;
		};
		261E1AD11EE8C4D600A0D2B5 /* Release */ = {
			isa = XCBuildConfiguration;
			buildSettings = {
				ASSETCATALOG_COMPILER_APPICON_NAME = AppIcon;
				DEVELOPMENT_TEAM = 4R87445M8P;
				INFOPLIST_FILE = Example/Info.plist;
				IPHONEOS_DEPLOYMENT_TARGET = 10.3;
				LD_RUNPATH_SEARCH_PATHS = "$(inherited) @executable_path/Frameworks";
				PRODUCT_BUNDLE_IDENTIFIER = com.ahhenderson.Example;
				PRODUCT_NAME = "$(TARGET_NAME)";
				SWIFT_VERSION = 4.0;
			};
			name = Release;
		};
/* End XCBuildConfiguration section */

/* Begin XCConfigurationList section */
		261E1AB81EE8C4D600A0D2B5 /* Build configuration list for PBXProject "Example" */ = {
			isa = XCConfigurationList;
			buildConfigurations = (
				261E1ACD1EE8C4D600A0D2B5 /* Debug */,
				261E1ACE1EE8C4D600A0D2B5 /* Release */,
			);
			defaultConfigurationIsVisible = 0;
			defaultConfigurationName = Release;
		};
		261E1ACF1EE8C4D600A0D2B5 /* Build configuration list for PBXNativeTarget "Example" */ = {
			isa = XCConfigurationList;
			buildConfigurations = (
				261E1AD01EE8C4D600A0D2B5 /* Debug */,
				261E1AD11EE8C4D600A0D2B5 /* Release */,
			);
			defaultConfigurationIsVisible = 0;
			defaultConfigurationName = Release;
		};
/* End XCConfigurationList section */
	};
	rootObject = 261E1AB51EE8C4D600A0D2B5 /* Project object */;
}
