// !$*UTF8*$!
{
	archiveVersion = 1;
	classes = {
	};
	objectVersion = 46;
	objects = {

/* Begin PBXBuildFile section */
		260ACCF31EE997010066231C /* ServiceConstants.swift in Sources */ = {isa = PBXBuildFile; fileRef = 260ACC9D1EE997010066231C /* ServiceConstants.swift */; };
		260ACD291EE997010066231C /* PunchJunkieModel.swift in Sources */ = {isa = PBXBuildFile; fileRef = 260ACCF21EE997010066231C /* PunchJunkieModel.swift */; };
		261C8D831F78AB7D00126056 /* SwiftAMFRemoter.framework in Frameworks */ = {isa = PBXBuildFile; fileRef = 261C8D851F78AB7D00126056 /* SwiftAMFRemoter.framework */; };
		261E1AC11EE8C4D600A0D2B5 /* AppDelegate.swift in Sources */ = {isa = PBXBuildFile; fileRef = 261E1AC01EE8C4D600A0D2B5 /* AppDelegate.swift */; };
		261E1AC31EE8C4D600A0D2B5 /* ViewController.swift in Sources */ = {isa = PBXBuildFile; fileRef = 261E1AC21EE8C4D600A0D2B5 /* ViewController.swift */; };
		261E1AC61EE8C4D600A0D2B5 /* Main.storyboard in Resources */ = {isa = PBXBuildFile; fileRef = 261E1AC41EE8C4D600A0D2B5 /* Main.storyboard */; };
		261E1AC81EE8C4D600A0D2B5 /* Assets.xcassets in Resources */ = {isa = PBXBuildFile; fileRef = 261E1AC71EE8C4D600A0D2B5 /* Assets.xcassets */; };
		261E1ACB1EE8C4D600A0D2B5 /* LaunchScreen.storyboard in Resources */ = {isa = PBXBuildFile; fileRef = 261E1AC91EE8C4D600A0D2B5 /* LaunchScreen.storyboard */; };
		2690E77F1FAEFF37000657FE /* ConfigurationData.swift in Sources */ = {isa = PBXBuildFile; fileRef = 2690E7341FAEFF36000657FE /* ConfigurationData.swift */; };
		2690E7801FAEFF37000657FE /* VzException.swift in Sources */ = {isa = PBXBuildFile; fileRef = 2690E7351FAEFF36000657FE /* VzException.swift */; };
		2690E7811FAEFF37000657FE /* ActivityFacadeModel.swift in Sources */ = {isa = PBXBuildFile; fileRef = 2690E7371FAEFF36000657FE /* ActivityFacadeModel.swift */; };
		2690E7821FAEFF37000657FE /* CloudStorageFacadeModel.swift in Sources */ = {isa = PBXBuildFile; fileRef = 2690E7381FAEFF36000657FE /* CloudStorageFacadeModel.swift */; };
		2690E7831FAEFF37000657FE /* UserFacadeModel.swift in Sources */ = {isa = PBXBuildFile; fileRef = 2690E7391FAEFF36000657FE /* UserFacadeModel.swift */; };
		2690E7841FAEFF37000657FE /* ActivityConfigurationData.swift in Sources */ = {isa = PBXBuildFile; fileRef = 2690E73D1FAEFF36000657FE /* ActivityConfigurationData.swift */; };
		2690E7851FAEFF37000657FE /* VzActivity.swift in Sources */ = {isa = PBXBuildFile; fileRef = 2690E73E1FAEFF36000657FE /* VzActivity.swift */; };
		2690E7861FAEFF37000657FE /* VzActivityAttributeType.swift in Sources */ = {isa = PBXBuildFile; fileRef = 2690E73F1FAEFF36000657FE /* VzActivityAttributeType.swift */; };
		2690E7871FAEFF37000657FE /* VzActivityEquipmentType.swift in Sources */ = {isa = PBXBuildFile; fileRef = 2690E7401FAEFF36000657FE /* VzActivityEquipmentType.swift */; };
		2690E7881FAEFF37000657FE /* VzActivityGoalType.swift in Sources */ = {isa = PBXBuildFile; fileRef = 2690E7411FAEFF36000657FE /* VzActivityGoalType.swift */; };
		2690E7891FAEFF37000657FE /* VzActivityItem.swift in Sources */ = {isa = PBXBuildFile; fileRef = 2690E7421FAEFF36000657FE /* VzActivityItem.swift */; };
		2690E78A1FAEFF37000657FE /* VzActivityItemList.swift in Sources */ = {isa = PBXBuildFile; fileRef = 2690E7431FAEFF36000657FE /* VzActivityItemList.swift */; };
		2690E78B1FAEFF37000657FE /* VzActivityItemListAssignment.swift in Sources */ = {isa = PBXBuildFile; fileRef = 2690E7441FAEFF36000657FE /* VzActivityItemListAssignment.swift */; };
		2690E78C1FAEFF37000657FE /* VzActivityItemThemeType.swift in Sources */ = {isa = PBXBuildFile; fileRef = 2690E7451FAEFF36000657FE /* VzActivityItemThemeType.swift */; };
		2690E78D1FAEFF37000657FE /* VzActivityLevelType.swift in Sources */ = {isa = PBXBuildFile; fileRef = 2690E7461FAEFF36000657FE /* VzActivityLevelType.swift */; };
		2690E78E1FAEFF37000657FE /* VzActivityScheduleItem.swift in Sources */ = {isa = PBXBuildFile; fileRef = 2690E7471FAEFF36000657FE /* VzActivityScheduleItem.swift */; };
		2690E78F1FAEFF37000657FE /* VzActivityThemeType.swift in Sources */ = {isa = PBXBuildFile; fileRef = 2690E7481FAEFF36000657FE /* VzActivityThemeType.swift */; };
		2690E7901FAEFF37000657FE /* VzActivityType.swift in Sources */ = {isa = PBXBuildFile; fileRef = 2690E7491FAEFF36000657FE /* VzActivityType.swift */; };
		2690E7911FAEFF37000657FE /* BaseContent.swift in Sources */ = {isa = PBXBuildFile; fileRef = 2690E74C1FAEFF36000657FE /* BaseContent.swift */; };
		2690E7921FAEFF37000657FE /* BaseContentType.swift in Sources */ = {isa = PBXBuildFile; fileRef = 2690E74D1FAEFF36000657FE /* BaseContentType.swift */; };
		2690E7931FAEFF37000657FE /* BaseMedia.swift in Sources */ = {isa = PBXBuildFile; fileRef = 2690E74E1FAEFF36000657FE /* BaseMedia.swift */; };
		2690E7941FAEFF37000657FE /* BaseMediaContent.swift in Sources */ = {isa = PBXBuildFile; fileRef = 2690E74F1FAEFF36000657FE /* BaseMediaContent.swift */; };
		2690E7951FAEFF37000657FE /* BaseScheduleItem.swift in Sources */ = {isa = PBXBuildFile; fileRef = 2690E7501FAEFF36000657FE /* BaseScheduleItem.swift */; };
		2690E7961FAEFF37000657FE /* EntityBase.swift in Sources */ = {isa = PBXBuildFile; fileRef = 2690E7511FAEFF36000657FE /* EntityBase.swift */; };
		2690E7971FAEFF37000657FE /* VzBrand.swift in Sources */ = {isa = PBXBuildFile; fileRef = 2690E7541FAEFF36000657FE /* VzBrand.swift */; };
		2690E7981FAEFF37000657FE /* VzBrandMembership.swift in Sources */ = {isa = PBXBuildFile; fileRef = 2690E7551FAEFF36000657FE /* VzBrandMembership.swift */; };
		2690E7991FAEFF37000657FE /* UnitMetricEnum.swift in Sources */ = {isa = PBXBuildFile; fileRef = 2690E7591FAEFF36000657FE /* UnitMetricEnum.swift */; };
		2690E79A1FAEFF37000657FE /* VzServiceError.swift in Sources */ = {isa = PBXBuildFile; fileRef = 2690E75B1FAEFF36000657FE /* VzServiceError.swift */; };
		2690E79B1FAEFF37000657FE /* VzMediaAsset.swift in Sources */ = {isa = PBXBuildFile; fileRef = 2690E75E1FAEFF36000657FE /* VzMediaAsset.swift */; };
		2690E79C1FAEFF37000657FE /* VzMediaAssetType.swift in Sources */ = {isa = PBXBuildFile; fileRef = 2690E75F1FAEFF36000657FE /* VzMediaAssetType.swift */; };
		2690E79D1FAEFF37000657FE /* VzMediaCategoryType.swift in Sources */ = {isa = PBXBuildFile; fileRef = 2690E7601FAEFF36000657FE /* VzMediaCategoryType.swift */; };
		2690E79E1FAEFF37000657FE /* VzMediaContentType.swift in Sources */ = {isa = PBXBuildFile; fileRef = 2690E7611FAEFF36000657FE /* VzMediaContentType.swift */; };
		2690E79F1FAEFF37000657FE /* VzNetworkAccount.swift in Sources */ = {isa = PBXBuildFile; fileRef = 2690E7641FAEFF36000657FE /* VzNetworkAccount.swift */; };
		2690E7A01FAEFF37000657FE /* VzNetworkMessage.swift in Sources */ = {isa = PBXBuildFile; fileRef = 2690E7651FAEFF36000657FE /* VzNetworkMessage.swift */; };
		2690E7A11FAEFF37000657FE /* VzNetworkMessageType.swift in Sources */ = {isa = PBXBuildFile; fileRef = 2690E7661FAEFF36000657FE /* VzNetworkMessageType.swift */; };
		2690E7A21FAEFF37000657FE /* VzNetworkRelationship.swift in Sources */ = {isa = PBXBuildFile; fileRef = 2690E7671FAEFF36000657FE /* VzNetworkRelationship.swift */; };
		2690E7A31FAEFF37000657FE /* VzNetworkRelationshipType.swift in Sources */ = {isa = PBXBuildFile; fileRef = 2690E7681FAEFF36000657FE /* VzNetworkRelationshipType.swift */; };
		2690E7A41FAEFF37000657FE /* VzNetworkType.swift in Sources */ = {isa = PBXBuildFile; fileRef = 2690E7691FAEFF36000657FE /* VzNetworkType.swift */; };
		2690E7A51FAEFF37000657FE /* VzNmScheduledUserProgramActivity.swift in Sources */ = {isa = PBXBuildFile; fileRef = 2690E76C1FAEFF36000657FE /* VzNmScheduledUserProgramActivity.swift */; };
		2690E7A61FAEFF37000657FE /* VzNmUserProgramActivity.swift in Sources */ = {isa = PBXBuildFile; fileRef = 2690E76D1FAEFF36000657FE /* VzNmUserProgramActivity.swift */; };
		2690E7A71FAEFF37000657FE /* VzProgram.swift in Sources */ = {isa = PBXBuildFile; fileRef = 2690E76E1FAEFF36000657FE /* VzProgram.swift */; };
		2690E7A81FAEFF37000657FE /* VzProgramActivityAssignment.swift in Sources */ = {isa = PBXBuildFile; fileRef = 2690E76F1FAEFF36000657FE /* VzProgramActivityAssignment.swift */; };
		2690E7A91FAEFF37000657FE /* VzProgramStatusType.swift in Sources */ = {isa = PBXBuildFile; fileRef = 2690E7701FAEFF36000657FE /* VzProgramStatusType.swift */; };
		2690E7AA1FAEFF37000657FE /* VzScheduleDayType.swift in Sources */ = {isa = PBXBuildFile; fileRef = 2690E7731FAEFF36000657FE /* VzScheduleDayType.swift */; };
		2690E7AB1FAEFF37000657FE /* VzScheduleTimeType.swift in Sources */ = {isa = PBXBuildFile; fileRef = 2690E7741FAEFF36000657FE /* VzScheduleTimeType.swift */; };
		2690E7AC1FAEFF37000657FE /* UserContext.swift in Sources */ = {isa = PBXBuildFile; fileRef = 2690E7771FAEFF36000657FE /* UserContext.swift */; };
		2690E7AD1FAEFF37000657FE /* VzAccount.swift in Sources */ = {isa = PBXBuildFile; fileRef = 2690E7781FAEFF36000657FE /* VzAccount.swift */; };
		2690E7AE1FAEFF37000657FE /* VzProfile.swift in Sources */ = {isa = PBXBuildFile; fileRef = 2690E7791FAEFF36000657FE /* VzProfile.swift */; };
		2690E7AF1FAEFF37000657FE /* VzSession.swift in Sources */ = {isa = PBXBuildFile; fileRef = 2690E77A1FAEFF36000657FE /* VzSession.swift */; };
		2690E7B01FAEFF37000657FE /* VzUser.swift in Sources */ = {isa = PBXBuildFile; fileRef = 2690E77B1FAEFF36000657FE /* VzUser.swift */; };
		2690E7B11FAEFF37000657FE /* VzUserProgram.swift in Sources */ = {isa = PBXBuildFile; fileRef = 2690E77C1FAEFF36000657FE /* VzUserProgram.swift */; };
		2690E7B21FAEFF37000657FE /* VzUserProgramStatusType.swift in Sources */ = {isa = PBXBuildFile; fileRef = 2690E77D1FAEFF36000657FE /* VzUserProgramStatusType.swift */; };
		2690E7B31FAEFF37000657FE /* VzUserType.swift in Sources */ = {isa = PBXBuildFile; fileRef = 2690E77E1FAEFF36000657FE /* VzUserType.swift */; };
		2690E7BA1FAEFF53000657FE /* DataTypeInitializer.swift in Sources */ = {isa = PBXBuildFile; fileRef = 2690E7B51FAEFF52000657FE /* DataTypeInitializer.swift */; };
		2690E7BB1FAEFF53000657FE /* ActivityFacadeServiceDefinition.swift in Sources */ = {isa = PBXBuildFile; fileRef = 2690E7B71FAEFF53000657FE /* ActivityFacadeServiceDefinition.swift */; };
		2690E7BC1FAEFF53000657FE /* CloudStorageFacadeServiceDefinition.swift in Sources */ = {isa = PBXBuildFile; fileRef = 2690E7B81FAEFF53000657FE /* CloudStorageFacadeServiceDefinition.swift */; };
		2690E7BD1FAEFF53000657FE /* UserFacadeServiceDefinition.swift in Sources */ = {isa = PBXBuildFile; fileRef = 2690E7B91FAEFF53000657FE /* UserFacadeServiceDefinition.swift */; };
		26A4EE5D1F04EA1B008038A9 /* UIViewController+Extensions.swift in Sources */ = {isa = PBXBuildFile; fileRef = 26A4EE5C1F04EA1B008038A9 /* UIViewController+Extensions.swift */; };
/* End PBXBuildFile section */

/* Begin PBXCopyFilesBuildPhase section */
		266EAE491F5B356400667BB8 /* Embed Frameworks */ = {
			isa = PBXCopyFilesBuildPhase;
			buildActionMask = 8;
			dstPath = "";
			dstSubfolderSpec = 10;
			files = (
			);
			name = "Embed Frameworks";
			runOnlyForDeploymentPostprocessing = 1;
		};
		266EAE5A1F5B48C300667BB8 /* CopyFiles */ = {
			isa = PBXCopyFilesBuildPhase;
			buildActionMask = 2147483647;
			dstPath = "";
			dstSubfolderSpec = 10;
			files = (
			);
			runOnlyForDeploymentPostprocessing = 0;
		};
/* End PBXCopyFilesBuildPhase section */

/* Begin PBXFileReference section */
		260ACC9D1EE997010066231C /* ServiceConstants.swift */ = {isa = PBXFileReference; fileEncoding = 4; lastKnownFileType = sourcecode.swift; path = ServiceConstants.swift; sourceTree = "<group>"; };
		260ACCF21EE997010066231C /* PunchJunkieModel.swift */ = {isa = PBXFileReference; fileEncoding = 4; lastKnownFileType = sourcecode.swift; path = PunchJunkieModel.swift; sourceTree = "<group>"; };
		261C8D851F78AB7D00126056 /* SwiftAMFRemoter.framework */ = {isa = PBXFileReference; explicitFileType = wrapper.framework; path = SwiftAMFRemoter.framework; sourceTree = BUILT_PRODUCTS_DIR; };
		261E1ABD1EE8C4D600A0D2B5 /* Example.app */ = {isa = PBXFileReference; explicitFileType = wrapper.application; includeInIndex = 0; path = Example.app; sourceTree = BUILT_PRODUCTS_DIR; };
		261E1AC01EE8C4D600A0D2B5 /* AppDelegate.swift */ = {isa = PBXFileReference; lastKnownFileType = sourcecode.swift; path = AppDelegate.swift; sourceTree = "<group>"; };
		261E1AC21EE8C4D600A0D2B5 /* ViewController.swift */ = {isa = PBXFileReference; lastKnownFileType = sourcecode.swift; path = ViewController.swift; sourceTree = "<group>"; };
		261E1AC51EE8C4D600A0D2B5 /* Base */ = {isa = PBXFileReference; lastKnownFileType = file.storyboard; name = Base; path = Base.lproj/Main.storyboard; sourceTree = "<group>"; };
		261E1AC71EE8C4D600A0D2B5 /* Assets.xcassets */ = {isa = PBXFileReference; lastKnownFileType = folder.assetcatalog; path = Assets.xcassets; sourceTree = "<group>"; };
		261E1ACA1EE8C4D600A0D2B5 /* Base */ = {isa = PBXFileReference; lastKnownFileType = file.storyboard; name = Base; path = Base.lproj/LaunchScreen.storyboard; sourceTree = "<group>"; };
		261E1ACC1EE8C4D600A0D2B5 /* Info.plist */ = {isa = PBXFileReference; lastKnownFileType = text.plist.xml; path = Info.plist; sourceTree = "<group>"; };
		2690E7341FAEFF36000657FE /* ConfigurationData.swift */ = {isa = PBXFileReference; fileEncoding = 4; lastKnownFileType = sourcecode.swift; path = ConfigurationData.swift; sourceTree = "<group>"; };
		2690E7351FAEFF36000657FE /* VzException.swift */ = {isa = PBXFileReference; fileEncoding = 4; lastKnownFileType = sourcecode.swift; path = VzException.swift; sourceTree = "<group>"; };
		2690E7371FAEFF36000657FE /* ActivityFacadeModel.swift */ = {isa = PBXFileReference; fileEncoding = 4; lastKnownFileType = sourcecode.swift; path = ActivityFacadeModel.swift; sourceTree = "<group>"; };
		2690E7381FAEFF36000657FE /* CloudStorageFacadeModel.swift */ = {isa = PBXFileReference; fileEncoding = 4; lastKnownFileType = sourcecode.swift; path = CloudStorageFacadeModel.swift; sourceTree = "<group>"; };
		2690E7391FAEFF36000657FE /* UserFacadeModel.swift */ = {isa = PBXFileReference; fileEncoding = 4; lastKnownFileType = sourcecode.swift; path = UserFacadeModel.swift; sourceTree = "<group>"; };
		2690E73D1FAEFF36000657FE /* ActivityConfigurationData.swift */ = {isa = PBXFileReference; fileEncoding = 4; lastKnownFileType = sourcecode.swift; path = ActivityConfigurationData.swift; sourceTree = "<group>"; };
		2690E73E1FAEFF36000657FE /* VzActivity.swift */ = {isa = PBXFileReference; fileEncoding = 4; lastKnownFileType = sourcecode.swift; path = VzActivity.swift; sourceTree = "<group>"; };
		2690E73F1FAEFF36000657FE /* VzActivityAttributeType.swift */ = {isa = PBXFileReference; fileEncoding = 4; lastKnownFileType = sourcecode.swift; path = VzActivityAttributeType.swift; sourceTree = "<group>"; };
		2690E7401FAEFF36000657FE /* VzActivityEquipmentType.swift */ = {isa = PBXFileReference; fileEncoding = 4; lastKnownFileType = sourcecode.swift; path = VzActivityEquipmentType.swift; sourceTree = "<group>"; };
		2690E7411FAEFF36000657FE /* VzActivityGoalType.swift */ = {isa = PBXFileReference; fileEncoding = 4; lastKnownFileType = sourcecode.swift; path = VzActivityGoalType.swift; sourceTree = "<group>"; };
		2690E7421FAEFF36000657FE /* VzActivityItem.swift */ = {isa = PBXFileReference; fileEncoding = 4; lastKnownFileType = sourcecode.swift; path = VzActivityItem.swift; sourceTree = "<group>"; };
		2690E7431FAEFF36000657FE /* VzActivityItemList.swift */ = {isa = PBXFileReference; fileEncoding = 4; lastKnownFileType = sourcecode.swift; path = VzActivityItemList.swift; sourceTree = "<group>"; };
		2690E7441FAEFF36000657FE /* VzActivityItemListAssignment.swift */ = {isa = PBXFileReference; fileEncoding = 4; lastKnownFileType = sourcecode.swift; path = VzActivityItemListAssignment.swift; sourceTree = "<group>"; };
		2690E7451FAEFF36000657FE /* VzActivityItemThemeType.swift */ = {isa = PBXFileReference; fileEncoding = 4; lastKnownFileType = sourcecode.swift; path = VzActivityItemThemeType.swift; sourceTree = "<group>"; };
		2690E7461FAEFF36000657FE /* VzActivityLevelType.swift */ = {isa = PBXFileReference; fileEncoding = 4; lastKnownFileType = sourcecode.swift; path = VzActivityLevelType.swift; sourceTree = "<group>"; };
		2690E7471FAEFF36000657FE /* VzActivityScheduleItem.swift */ = {isa = PBXFileReference; fileEncoding = 4; lastKnownFileType = sourcecode.swift; path = VzActivityScheduleItem.swift; sourceTree = "<group>"; };
		2690E7481FAEFF36000657FE /* VzActivityThemeType.swift */ = {isa = PBXFileReference; fileEncoding = 4; lastKnownFileType = sourcecode.swift; path = VzActivityThemeType.swift; sourceTree = "<group>"; };
		2690E7491FAEFF36000657FE /* VzActivityType.swift */ = {isa = PBXFileReference; fileEncoding = 4; lastKnownFileType = sourcecode.swift; path = VzActivityType.swift; sourceTree = "<group>"; };
		2690E74C1FAEFF36000657FE /* BaseContent.swift */ = {isa = PBXFileReference; fileEncoding = 4; lastKnownFileType = sourcecode.swift; path = BaseContent.swift; sourceTree = "<group>"; };
		2690E74D1FAEFF36000657FE /* BaseContentType.swift */ = {isa = PBXFileReference; fileEncoding = 4; lastKnownFileType = sourcecode.swift; path = BaseContentType.swift; sourceTree = "<group>"; };
		2690E74E1FAEFF36000657FE /* BaseMedia.swift */ = {isa = PBXFileReference; fileEncoding = 4; lastKnownFileType = sourcecode.swift; path = BaseMedia.swift; sourceTree = "<group>"; };
		2690E74F1FAEFF36000657FE /* BaseMediaContent.swift */ = {isa = PBXFileReference; fileEncoding = 4; lastKnownFileType = sourcecode.swift; path = BaseMediaContent.swift; sourceTree = "<group>"; };
		2690E7501FAEFF36000657FE /* BaseScheduleItem.swift */ = {isa = PBXFileReference; fileEncoding = 4; lastKnownFileType = sourcecode.swift; path = BaseScheduleItem.swift; sourceTree = "<group>"; };
		2690E7511FAEFF36000657FE /* EntityBase.swift */ = {isa = PBXFileReference; fileEncoding = 4; lastKnownFileType = sourcecode.swift; path = EntityBase.swift; sourceTree = "<group>"; };
		2690E7541FAEFF36000657FE /* VzBrand.swift */ = {isa = PBXFileReference; fileEncoding = 4; lastKnownFileType = sourcecode.swift; path = VzBrand.swift; sourceTree = "<group>"; };
		2690E7551FAEFF36000657FE /* VzBrandMembership.swift */ = {isa = PBXFileReference; fileEncoding = 4; lastKnownFileType = sourcecode.swift; path = VzBrandMembership.swift; sourceTree = "<group>"; };
		2690E7591FAEFF36000657FE /* UnitMetricEnum.swift */ = {isa = PBXFileReference; fileEncoding = 4; lastKnownFileType = sourcecode.swift; path = UnitMetricEnum.swift; sourceTree = "<group>"; };
		2690E75B1FAEFF36000657FE /* VzServiceError.swift */ = {isa = PBXFileReference; fileEncoding = 4; lastKnownFileType = sourcecode.swift; path = VzServiceError.swift; sourceTree = "<group>"; };
		2690E75E1FAEFF36000657FE /* VzMediaAsset.swift */ = {isa = PBXFileReference; fileEncoding = 4; lastKnownFileType = sourcecode.swift; path = VzMediaAsset.swift; sourceTree = "<group>"; };
		2690E75F1FAEFF36000657FE /* VzMediaAssetType.swift */ = {isa = PBXFileReference; fileEncoding = 4; lastKnownFileType = sourcecode.swift; path = VzMediaAssetType.swift; sourceTree = "<group>"; };
		2690E7601FAEFF36000657FE /* VzMediaCategoryType.swift */ = {isa = PBXFileReference; fileEncoding = 4; lastKnownFileType = sourcecode.swift; path = VzMediaCategoryType.swift; sourceTree = "<group>"; };
		2690E7611FAEFF36000657FE /* VzMediaContentType.swift */ = {isa = PBXFileReference; fileEncoding = 4; lastKnownFileType = sourcecode.swift; path = VzMediaContentType.swift; sourceTree = "<group>"; };
		2690E7641FAEFF36000657FE /* VzNetworkAccount.swift */ = {isa = PBXFileReference; fileEncoding = 4; lastKnownFileType = sourcecode.swift; path = VzNetworkAccount.swift; sourceTree = "<group>"; };
		2690E7651FAEFF36000657FE /* VzNetworkMessage.swift */ = {isa = PBXFileReference; fileEncoding = 4; lastKnownFileType = sourcecode.swift; path = VzNetworkMessage.swift; sourceTree = "<group>"; };
		2690E7661FAEFF36000657FE /* VzNetworkMessageType.swift */ = {isa = PBXFileReference; fileEncoding = 4; lastKnownFileType = sourcecode.swift; path = VzNetworkMessageType.swift; sourceTree = "<group>"; };
		2690E7671FAEFF36000657FE /* VzNetworkRelationship.swift */ = {isa = PBXFileReference; fileEncoding = 4; lastKnownFileType = sourcecode.swift; path = VzNetworkRelationship.swift; sourceTree = "<group>"; };
		2690E7681FAEFF36000657FE /* VzNetworkRelationshipType.swift */ = {isa = PBXFileReference; fileEncoding = 4; lastKnownFileType = sourcecode.swift; path = VzNetworkRelationshipType.swift; sourceTree = "<group>"; };
		2690E7691FAEFF36000657FE /* VzNetworkType.swift */ = {isa = PBXFileReference; fileEncoding = 4; lastKnownFileType = sourcecode.swift; path = VzNetworkType.swift; sourceTree = "<group>"; };
		2690E76C1FAEFF36000657FE /* VzNmScheduledUserProgramActivity.swift */ = {isa = PBXFileReference; fileEncoding = 4; lastKnownFileType = sourcecode.swift; path = VzNmScheduledUserProgramActivity.swift; sourceTree = "<group>"; };
		2690E76D1FAEFF36000657FE /* VzNmUserProgramActivity.swift */ = {isa = PBXFileReference; fileEncoding = 4; lastKnownFileType = sourcecode.swift; path = VzNmUserProgramActivity.swift; sourceTree = "<group>"; };
		2690E76E1FAEFF36000657FE /* VzProgram.swift */ = {isa = PBXFileReference; fileEncoding = 4; lastKnownFileType = sourcecode.swift; path = VzProgram.swift; sourceTree = "<group>"; };
		2690E76F1FAEFF36000657FE /* VzProgramActivityAssignment.swift */ = {isa = PBXFileReference; fileEncoding = 4; lastKnownFileType = sourcecode.swift; path = VzProgramActivityAssignment.swift; sourceTree = "<group>"; };
		2690E7701FAEFF36000657FE /* VzProgramStatusType.swift */ = {isa = PBXFileReference; fileEncoding = 4; lastKnownFileType = sourcecode.swift; path = VzProgramStatusType.swift; sourceTree = "<group>"; };
		2690E7731FAEFF36000657FE /* VzScheduleDayType.swift */ = {isa = PBXFileReference; fileEncoding = 4; lastKnownFileType = sourcecode.swift; path = VzScheduleDayType.swift; sourceTree = "<group>"; };
		2690E7741FAEFF36000657FE /* VzScheduleTimeType.swift */ = {isa = PBXFileReference; fileEncoding = 4; lastKnownFileType = sourcecode.swift; path = VzScheduleTimeType.swift; sourceTree = "<group>"; };
		2690E7771FAEFF36000657FE /* UserContext.swift */ = {isa = PBXFileReference; fileEncoding = 4; lastKnownFileType = sourcecode.swift; path = UserContext.swift; sourceTree = "<group>"; };
		2690E7781FAEFF36000657FE /* VzAccount.swift */ = {isa = PBXFileReference; fileEncoding = 4; lastKnownFileType = sourcecode.swift; path = VzAccount.swift; sourceTree = "<group>"; };
		2690E7791FAEFF36000657FE /* VzProfile.swift */ = {isa = PBXFileReference; fileEncoding = 4; lastKnownFileType = sourcecode.swift; path = VzProfile.swift; sourceTree = "<group>"; };
		2690E77A1FAEFF36000657FE /* VzSession.swift */ = {isa = PBXFileReference; fileEncoding = 4; lastKnownFileType = sourcecode.swift; path = VzSession.swift; sourceTree = "<group>"; };
		2690E77B1FAEFF36000657FE /* VzUser.swift */ = {isa = PBXFileReference; fileEncoding = 4; lastKnownFileType = sourcecode.swift; path = VzUser.swift; sourceTree = "<group>"; };
		2690E77C1FAEFF36000657FE /* VzUserProgram.swift */ = {isa = PBXFileReference; fileEncoding = 4; lastKnownFileType = sourcecode.swift; path = VzUserProgram.swift; sourceTree = "<group>"; };
		2690E77D1FAEFF36000657FE /* VzUserProgramStatusType.swift */ = {isa = PBXFileReference; fileEncoding = 4; lastKnownFileType = sourcecode.swift; path = VzUserProgramStatusType.swift; sourceTree = "<group>"; };
		2690E77E1FAEFF36000657FE /* VzUserType.swift */ = {isa = PBXFileReference; fileEncoding = 4; lastKnownFileType = sourcecode.swift; path = VzUserType.swift; sourceTree = "<group>"; };
		2690E7B51FAEFF52000657FE /* DataTypeInitializer.swift */ = {isa = PBXFileReference; fileEncoding = 4; lastKnownFileType = sourcecode.swift; path = DataTypeInitializer.swift; sourceTree = "<group>"; };
		2690E7B71FAEFF53000657FE /* ActivityFacadeServiceDefinition.swift */ = {isa = PBXFileReference; fileEncoding = 4; lastKnownFileType = sourcecode.swift; path = ActivityFacadeServiceDefinition.swift; sourceTree = "<group>"; };
		2690E7B81FAEFF53000657FE /* CloudStorageFacadeServiceDefinition.swift */ = {isa = PBXFileReference; fileEncoding = 4; lastKnownFileType = sourcecode.swift; path = CloudStorageFacadeServiceDefinition.swift; sourceTree = "<group>"; };
		2690E7B91FAEFF53000657FE /* UserFacadeServiceDefinition.swift */ = {isa = PBXFileReference; fileEncoding = 4; lastKnownFileType = sourcecode.swift; path = UserFacadeServiceDefinition.swift; sourceTree = "<group>"; };
		26A4EE5C1F04EA1B008038A9 /* UIViewController+Extensions.swift */ = {isa = PBXFileReference; fileEncoding = 4; lastKnownFileType = sourcecode.swift; path = "UIViewController+Extensions.swift"; sourceTree = "<group>"; };
/* End PBXFileReference section */

/* Begin PBXFrameworksBuildPhase section */
		261E1ABA1EE8C4D600A0D2B5 /* Frameworks */ = {
			isa = PBXFrameworksBuildPhase;
			buildActionMask = 2147483647;
			files = (
				261C8D831F78AB7D00126056 /* SwiftAMFRemoter.framework in Frameworks */,
			);
			runOnlyForDeploymentPostprocessing = 0;
		};
/* End PBXFrameworksBuildPhase section */

/* Begin PBXGroup section */
		260ACC9C1EE997010066231C /* Constants */ = {
			isa = PBXGroup;
			children = (
				260ACC9D1EE997010066231C /* ServiceConstants.swift */,
			);
			path = Constants;
			sourceTree = "<group>";
		};
		260ACC9E1EE997010066231C /* Service */ = {
			isa = PBXGroup;
			children = (
				2690E7B61FAEFF53000657FE /* definitions */,
				2690E7B41FAEFF52000657FE /* map */,
			);
			path = Service;
			sourceTree = "<group>";
		};
		260ACCA51EE997010066231C /* Model */ = {
			isa = PBXGroup;
			children = (
				2690E72F1FAEFF36000657FE /* com */,
				260ACCF21EE997010066231C /* PunchJunkieModel.swift */,
			);
			path = Model;
			sourceTree = "<group>";
		};
		261E1AB41EE8C4D600A0D2B5 = {
			isa = PBXGroup;
			children = (
				261E1ABF1EE8C4D600A0D2B5 /* Example */,
				261E1ABE1EE8C4D600A0D2B5 /* Products */,
				266EAE5D1F5B493C00667BB8 /* Frameworks */,
			);
			sourceTree = "<group>";
		};
		261E1ABE1EE8C4D600A0D2B5 /* Products */ = {
			isa = PBXGroup;
			children = (
				261E1ABD1EE8C4D600A0D2B5 /* Example.app */,
			);
			name = Products;
			sourceTree = "<group>";
		};
		261E1ABF1EE8C4D600A0D2B5 /* Example */ = {
			isa = PBXGroup;
			children = (
				26375BE41F9EA6490003C942 /* Utilities */,
				26A4EE5B1F04E9EC008038A9 /* Extensions */,
				260ACC9C1EE997010066231C /* Constants */,
				260ACC9E1EE997010066231C /* Service */,
				260ACCA51EE997010066231C /* Model */,
				261E1AC01EE8C4D600A0D2B5 /* AppDelegate.swift */,
				261E1AC21EE8C4D600A0D2B5 /* ViewController.swift */,
				261E1AC41EE8C4D600A0D2B5 /* Main.storyboard */,
				261E1AC71EE8C4D600A0D2B5 /* Assets.xcassets */,
				261E1AC91EE8C4D600A0D2B5 /* LaunchScreen.storyboard */,
				261E1ACC1EE8C4D600A0D2B5 /* Info.plist */,
			);
			path = Example;
			sourceTree = "<group>";
		};
		26375BE41F9EA6490003C942 /* Utilities */ = {
			isa = PBXGroup;
			children = (
			);
			path = Utilities;
			sourceTree = "<group>";
		};
		266EAE5D1F5B493C00667BB8 /* Frameworks */ = {
			isa = PBXGroup;
			children = (
				261C8D851F78AB7D00126056 /* SwiftAMFRemoter.framework */,
			);
			name = Frameworks;
			sourceTree = "<group>";
		};
		2690E72F1FAEFF36000657FE /* com */ = {
			isa = PBXGroup;
			children = (
				2690E7301FAEFF36000657FE /* vizifit */,
			);
			path = com;
			sourceTree = "<group>";
		};
		2690E7301FAEFF36000657FE /* vizifit */ = {
			isa = PBXGroup;
			children = (
				2690E7311FAEFF36000657FE /* api */,
			);
			path = vizifit;
			sourceTree = "<group>";
		};
		2690E7311FAEFF36000657FE /* api */ = {
			isa = PBXGroup;
			children = (
				2690E7321FAEFF36000657FE /* common */,
				2690E7361FAEFF36000657FE /* facade */,
				2690E73A1FAEFF36000657FE /* model */,
			);
			path = api;
			sourceTree = "<group>";
		};
		2690E7321FAEFF36000657FE /* common */ = {
			isa = PBXGroup;
			children = (
				2690E7331FAEFF36000657FE /* vo */,
			);
			path = common;
			sourceTree = "<group>";
		};
		2690E7331FAEFF36000657FE /* vo */ = {
			isa = PBXGroup;
			children = (
				2690E7341FAEFF36000657FE /* ConfigurationData.swift */,
				2690E7351FAEFF36000657FE /* VzException.swift */,
			);
			path = vo;
			sourceTree = "<group>";
		};
		2690E7361FAEFF36000657FE /* facade */ = {
			isa = PBXGroup;
			children = (
				2690E7371FAEFF36000657FE /* ActivityFacadeModel.swift */,
				2690E7381FAEFF36000657FE /* CloudStorageFacadeModel.swift */,
				2690E7391FAEFF36000657FE /* UserFacadeModel.swift */,
			);
			path = facade;
			sourceTree = "<group>";
		};
		2690E73A1FAEFF36000657FE /* model */ = {
			isa = PBXGroup;
			children = (
				2690E73B1FAEFF36000657FE /* activity */,
				2690E74A1FAEFF36000657FE /* base */,
				2690E7521FAEFF36000657FE /* brand */,
				2690E7561FAEFF36000657FE /* common */,
				2690E75C1FAEFF36000657FE /* media */,
				2690E7621FAEFF36000657FE /* network */,
				2690E76A1FAEFF36000657FE /* program */,
				2690E7711FAEFF36000657FE /* schedule */,
				2690E7751FAEFF36000657FE /* user */,
			);
			path = model;
			sourceTree = "<group>";
		};
		2690E73B1FAEFF36000657FE /* activity */ = {
			isa = PBXGroup;
			children = (
				2690E73C1FAEFF36000657FE /* vo */,
			);
			path = activity;
			sourceTree = "<group>";
		};
		2690E73C1FAEFF36000657FE /* vo */ = {
			isa = PBXGroup;
			children = (
				2690E73D1FAEFF36000657FE /* ActivityConfigurationData.swift */,
				2690E73E1FAEFF36000657FE /* VzActivity.swift */,
				2690E73F1FAEFF36000657FE /* VzActivityAttributeType.swift */,
				2690E7401FAEFF36000657FE /* VzActivityEquipmentType.swift */,
				2690E7411FAEFF36000657FE /* VzActivityGoalType.swift */,
				2690E7421FAEFF36000657FE /* VzActivityItem.swift */,
				2690E7431FAEFF36000657FE /* VzActivityItemList.swift */,
				2690E7441FAEFF36000657FE /* VzActivityItemListAssignment.swift */,
				2690E7451FAEFF36000657FE /* VzActivityItemThemeType.swift */,
				2690E7461FAEFF36000657FE /* VzActivityLevelType.swift */,
				2690E7471FAEFF36000657FE /* VzActivityScheduleItem.swift */,
				2690E7481FAEFF36000657FE /* VzActivityThemeType.swift */,
				2690E7491FAEFF36000657FE /* VzActivityType.swift */,
			);
			path = vo;
			sourceTree = "<group>";
		};
		2690E74A1FAEFF36000657FE /* base */ = {
			isa = PBXGroup;
			children = (
				2690E74B1FAEFF36000657FE /* vo */,
			);
			path = base;
			sourceTree = "<group>";
		};
		2690E74B1FAEFF36000657FE /* vo */ = {
			isa = PBXGroup;
			children = (
				2690E74C1FAEFF36000657FE /* BaseContent.swift */,
				2690E74D1FAEFF36000657FE /* BaseContentType.swift */,
				2690E74E1FAEFF36000657FE /* BaseMedia.swift */,
				2690E74F1FAEFF36000657FE /* BaseMediaContent.swift */,
				2690E7501FAEFF36000657FE /* BaseScheduleItem.swift */,
				2690E7511FAEFF36000657FE /* EntityBase.swift */,
			);
			path = vo;
			sourceTree = "<group>";
		};
		2690E7521FAEFF36000657FE /* brand */ = {
			isa = PBXGroup;
			children = (
				2690E7531FAEFF36000657FE /* vo */,
			);
			path = brand;
			sourceTree = "<group>";
		};
		2690E7531FAEFF36000657FE /* vo */ = {
			isa = PBXGroup;
			children = (
				2690E7541FAEFF36000657FE /* VzBrand.swift */,
				2690E7551FAEFF36000657FE /* VzBrandMembership.swift */,
			);
			path = vo;
			sourceTree = "<group>";
		};
		2690E7561FAEFF36000657FE /* common */ = {
			isa = PBXGroup;
			children = (
				2690E7571FAEFF36000657FE /* enum */,
				2690E75A1FAEFF36000657FE /* vo */,
			);
			path = common;
			sourceTree = "<group>";
		};
		2690E7571FAEFF36000657FE /* enum */ = {
			isa = PBXGroup;
			children = (
				2690E7581FAEFF36000657FE /* enum */,
			);
			path = enum;
			sourceTree = "<group>";
		};
		2690E7581FAEFF36000657FE /* enum */ = {
			isa = PBXGroup;
			children = (
				2690E7591FAEFF36000657FE /* UnitMetricEnum.swift */,
			);
			path = enum;
			sourceTree = "<group>";
		};
		2690E75A1FAEFF36000657FE /* vo */ = {
			isa = PBXGroup;
			children = (
				2690E75B1FAEFF36000657FE /* VzServiceError.swift */,
			);
			path = vo;
			sourceTree = "<group>";
		};
		2690E75C1FAEFF36000657FE /* media */ = {
			isa = PBXGroup;
			children = (
				2690E75D1FAEFF36000657FE /* vo */,
			);
			path = media;
			sourceTree = "<group>";
		};
		2690E75D1FAEFF36000657FE /* vo */ = {
			isa = PBXGroup;
			children = (
				2690E75E1FAEFF36000657FE /* VzMediaAsset.swift */,
				2690E75F1FAEFF36000657FE /* VzMediaAssetType.swift */,
				2690E7601FAEFF36000657FE /* VzMediaCategoryType.swift */,
				2690E7611FAEFF36000657FE /* VzMediaContentType.swift */,
			);
			path = vo;
			sourceTree = "<group>";
		};
		2690E7621FAEFF36000657FE /* network */ = {
			isa = PBXGroup;
			children = (
				2690E7631FAEFF36000657FE /* vo */,
			);
			path = network;
			sourceTree = "<group>";
		};
		2690E7631FAEFF36000657FE /* vo */ = {
			isa = PBXGroup;
			children = (
				2690E7641FAEFF36000657FE /* VzNetworkAccount.swift */,
				2690E7651FAEFF36000657FE /* VzNetworkMessage.swift */,
				2690E7661FAEFF36000657FE /* VzNetworkMessageType.swift */,
				2690E7671FAEFF36000657FE /* VzNetworkRelationship.swift */,
				2690E7681FAEFF36000657FE /* VzNetworkRelationshipType.swift */,
				2690E7691FAEFF36000657FE /* VzNetworkType.swift */,
			);
			path = vo;
			sourceTree = "<group>";
		};
		2690E76A1FAEFF36000657FE /* program */ = {
			isa = PBXGroup;
			children = (
				2690E76B1FAEFF36000657FE /* vo */,
			);
			path = program;
			sourceTree = "<group>";
		};
		2690E76B1FAEFF36000657FE /* vo */ = {
			isa = PBXGroup;
			children = (
				2690E76C1FAEFF36000657FE /* VzNmScheduledUserProgramActivity.swift */,
				2690E76D1FAEFF36000657FE /* VzNmUserProgramActivity.swift */,
				2690E76E1FAEFF36000657FE /* VzProgram.swift */,
				2690E76F1FAEFF36000657FE /* VzProgramActivityAssignment.swift */,
				2690E7701FAEFF36000657FE /* VzProgramStatusType.swift */,
			);
			path = vo;
			sourceTree = "<group>";
		};
		2690E7711FAEFF36000657FE /* schedule */ = {
			isa = PBXGroup;
			children = (
				2690E7721FAEFF36000657FE /* vo */,
			);
			path = schedule;
			sourceTree = "<group>";
		};
		2690E7721FAEFF36000657FE /* vo */ = {
			isa = PBXGroup;
			children = (
				2690E7731FAEFF36000657FE /* VzScheduleDayType.swift */,
				2690E7741FAEFF36000657FE /* VzScheduleTimeType.swift */,
			);
			path = vo;
			sourceTree = "<group>";
		};
		2690E7751FAEFF36000657FE /* user */ = {
			isa = PBXGroup;
			children = (
				2690E7761FAEFF36000657FE /* vo */,
			);
			path = user;
			sourceTree = "<group>";
		};
		2690E7761FAEFF36000657FE /* vo */ = {
			isa = PBXGroup;
			children = (
				2690E7771FAEFF36000657FE /* UserContext.swift */,
				2690E7781FAEFF36000657FE /* VzAccount.swift */,
				2690E7791FAEFF36000657FE /* VzProfile.swift */,
				2690E77A1FAEFF36000657FE /* VzSession.swift */,
				2690E77B1FAEFF36000657FE /* VzUser.swift */,
				2690E77C1FAEFF36000657FE /* VzUserProgram.swift */,
				2690E77D1FAEFF36000657FE /* VzUserProgramStatusType.swift */,
				2690E77E1FAEFF36000657FE /* VzUserType.swift */,
			);
			path = vo;
			sourceTree = "<group>";
		};
		2690E7B41FAEFF52000657FE /* map */ = {
			isa = PBXGroup;
			children = (
				2690E7B51FAEFF52000657FE /* DataTypeInitializer.swift */,
			);
			path = map;
			sourceTree = "<group>";
		};
		2690E7B61FAEFF53000657FE /* definitions */ = {
			isa = PBXGroup;
			children = (
				2690E7B71FAEFF53000657FE /* ActivityFacadeServiceDefinition.swift */,
				2690E7B81FAEFF53000657FE /* CloudStorageFacadeServiceDefinition.swift */,
				2690E7B91FAEFF53000657FE /* UserFacadeServiceDefinition.swift */,
			);
			path = definitions;
			sourceTree = "<group>";
		};
		26A4EE5B1F04E9EC008038A9 /* Extensions */ = {
			isa = PBXGroup;
			children = (
				26A4EE5C1F04EA1B008038A9 /* UIViewController+Extensions.swift */,
			);
			path = Extensions;
			sourceTree = "<group>";
		};
/* End PBXGroup section */

/* Begin PBXNativeTarget section */
		261E1ABC1EE8C4D600A0D2B5 /* Example */ = {
			isa = PBXNativeTarget;
			buildConfigurationList = 261E1ACF1EE8C4D600A0D2B5 /* Build configuration list for PBXNativeTarget "Example" */;
			buildPhases = (
				261E1AB91EE8C4D600A0D2B5 /* Sources */,
				261E1ABA1EE8C4D600A0D2B5 /* Frameworks */,
				261E1ABB1EE8C4D600A0D2B5 /* Resources */,
				266EAE491F5B356400667BB8 /* Embed Frameworks */,
				266EAE5A1F5B48C300667BB8 /* CopyFiles */,
			);
			buildRules = (
			);
			dependencies = (
			);
			name = Example;
			productName = Example;
			productReference = 261E1ABD1EE8C4D600A0D2B5 /* Example.app */;
			productType = "com.apple.product-type.application";
		};
/* End PBXNativeTarget section */

/* Begin PBXProject section */
		261E1AB51EE8C4D600A0D2B5 /* Project object */ = {
			isa = PBXProject;
			attributes = {
				LastSwiftUpdateCheck = 0830;
				LastUpgradeCheck = 0900;
				ORGANIZATIONNAME = "Tony Henderson";
				TargetAttributes = {
					261E1ABC1EE8C4D600A0D2B5 = {
						CreatedOnToolsVersion = 8.3.2;
						DevelopmentTeam = 4R87445M8P;
						ProvisioningStyle = Automatic;
					};
				};
			};
			buildConfigurationList = 261E1AB81EE8C4D600A0D2B5 /* Build configuration list for PBXProject "Example" */;
			compatibilityVersion = "Xcode 3.2";
			developmentRegion = English;
			hasScannedForEncodings = 0;
			knownRegions = (
				en,
				Base,
			);
			mainGroup = 261E1AB41EE8C4D600A0D2B5;
			productRefGroup = 261E1ABE1EE8C4D600A0D2B5 /* Products */;
			projectDirPath = "";
			projectRoot = "";
			targets = (
				261E1ABC1EE8C4D600A0D2B5 /* Example */,
			);
		};
/* End PBXProject section */

/* Begin PBXResourcesBuildPhase section */
		261E1ABB1EE8C4D600A0D2B5 /* Resources */ = {
			isa = PBXResourcesBuildPhase;
			buildActionMask = 2147483647;
			files = (
				261E1ACB1EE8C4D600A0D2B5 /* LaunchScreen.storyboard in Resources */,
				261E1AC81EE8C4D600A0D2B5 /* Assets.xcassets in Resources */,
				261E1AC61EE8C4D600A0D2B5 /* Main.storyboard in Resources */,
			);
			runOnlyForDeploymentPostprocessing = 0;
		};
/* End PBXResourcesBuildPhase section */

/* Begin PBXSourcesBuildPhase section */
		261E1AB91EE8C4D600A0D2B5 /* Sources */ = {
			isa = PBXSourcesBuildPhase;
			buildActionMask = 2147483647;
			files = (
				260ACCF31EE997010066231C /* ServiceConstants.swift in Sources */,
				2690E7931FAEFF37000657FE /* BaseMedia.swift in Sources */,
				2690E7A91FAEFF37000657FE /* VzProgramStatusType.swift in Sources */,
				2690E7AE1FAEFF37000657FE /* VzProfile.swift in Sources */,
				2690E7BC1FAEFF53000657FE /* CloudStorageFacadeServiceDefinition.swift in Sources */,
				2690E7801FAEFF37000657FE /* VzException.swift in Sources */,
				2690E7A01FAEFF37000657FE /* VzNetworkMessage.swift in Sources */,
				260ACD291EE997010066231C /* PunchJunkieModel.swift in Sources */,
				2690E7951FAEFF37000657FE /* BaseScheduleItem.swift in Sources */,
				2690E7AB1FAEFF37000657FE /* VzScheduleTimeType.swift in Sources */,
				2690E77F1FAEFF37000657FE /* ConfigurationData.swift in Sources */,
				2690E7861FAEFF37000657FE /* VzActivityAttributeType.swift in Sources */,
				2690E7A31FAEFF37000657FE /* VzNetworkRelationshipType.swift in Sources */,
				2690E7A41FAEFF37000657FE /* VzNetworkType.swift in Sources */,
				2690E7A81FAEFF37000657FE /* VzProgramActivityAssignment.swift in Sources */,
				2690E7AF1FAEFF37000657FE /* VzSession.swift in Sources */,
				2690E7BB1FAEFF53000657FE /* ActivityFacadeServiceDefinition.swift in Sources */,
				2690E7851FAEFF37000657FE /* VzActivity.swift in Sources */,
				2690E7A61FAEFF37000657FE /* VzNmUserProgramActivity.swift in Sources */,
				2690E7991FAEFF37000657FE /* UnitMetricEnum.swift in Sources */,
				2690E7831FAEFF37000657FE /* UserFacadeModel.swift in Sources */,
				2690E7881FAEFF37000657FE /* VzActivityGoalType.swift in Sources */,
				261E1AC31EE8C4D600A0D2B5 /* ViewController.swift in Sources */,
				2690E7B01FAEFF37000657FE /* VzUser.swift in Sources */,
				2690E7A21FAEFF37000657FE /* VzNetworkRelationship.swift in Sources */,
				2690E7BD1FAEFF53000657FE /* UserFacadeServiceDefinition.swift in Sources */,
				2690E7961FAEFF37000657FE /* EntityBase.swift in Sources */,
				2690E7AA1FAEFF37000657FE /* VzScheduleDayType.swift in Sources */,
				2690E7A11FAEFF37000657FE /* VzNetworkMessageType.swift in Sources */,
				2690E7981FAEFF37000657FE /* VzBrandMembership.swift in Sources */,
				2690E79F1FAEFF37000657FE /* VzNetworkAccount.swift in Sources */,
				261E1AC11EE8C4D600A0D2B5 /* AppDelegate.swift in Sources */,
				2690E7A51FAEFF37000657FE /* VzNmScheduledUserProgramActivity.swift in Sources */,
				2690E7971FAEFF37000657FE /* VzBrand.swift in Sources */,
				2690E7911FAEFF37000657FE /* BaseContent.swift in Sources */,
				2690E7871FAEFF37000657FE /* VzActivityEquipmentType.swift in Sources */,
				2690E79C1FAEFF37000657FE /* VzMediaAssetType.swift in Sources */,
				2690E79A1FAEFF37000657FE /* VzServiceError.swift in Sources */,
				2690E7891FAEFF37000657FE /* VzActivityItem.swift in Sources */,
				2690E78A1FAEFF37000657FE /* VzActivityItemList.swift in Sources */,
				2690E78C1FAEFF37000657FE /* VzActivityItemThemeType.swift in Sources */,
				2690E7921FAEFF37000657FE /* BaseContentType.swift in Sources */,
				2690E7811FAEFF37000657FE /* ActivityFacadeModel.swift in Sources */,
				2690E7BA1FAEFF53000657FE /* DataTypeInitializer.swift in Sources */,
				2690E78D1FAEFF37000657FE /* VzActivityLevelType.swift in Sources */,
				2690E7A71FAEFF37000657FE /* VzProgram.swift in Sources */,
				2690E78F1FAEFF37000657FE /* VzActivityThemeType.swift in Sources */,
				2690E7941FAEFF37000657FE /* BaseMediaContent.swift in Sources */,
				2690E79D1FAEFF37000657FE /* VzMediaCategoryType.swift in Sources */,
				2690E78B1FAEFF37000657FE /* VzActivityItemListAssignment.swift in Sources */,
				2690E7B31FAEFF37000657FE /* VzUserType.swift in Sources */,
				2690E7B21FAEFF37000657FE /* VzUserProgramStatusType.swift in Sources */,
				2690E7AD1FAEFF37000657FE /* VzAccount.swift in Sources */,
				2690E7821FAEFF37000657FE /* CloudStorageFacadeModel.swift in Sources */,
				2690E79B1FAEFF37000657FE /* VzMediaAsset.swift in Sources */,
				26A4EE5D1F04EA1B008038A9 /* UIViewController+Extensions.swift in Sources */,
				2690E7841FAEFF37000657FE /* ActivityConfigurationData.swift in Sources */,
				2690E7901FAEFF37000657FE /* VzActivityType.swift in Sources */,
				2690E78E1FAEFF37000657FE /* VzActivityScheduleItem.swift in Sources */,
				2690E7B11FAEFF37000657FE /* VzUserProgram.swift in Sources */,
				2690E7AC1FAEFF37000657FE /* UserContext.swift in Sources */,
				2690E79E1FAEFF37000657FE /* VzMediaContentType.swift in Sources */,
			);
			runOnlyForDeploymentPostprocessing = 0;
		};
/* End PBXSourcesBuildPhase section */

/* Begin PBXVariantGroup section */
		261E1AC41EE8C4D600A0D2B5 /* Main.storyboard */ = {
			isa = PBXVariantGroup;
			children = (
				261E1AC51EE8C4D600A0D2B5 /* Base */,
			);
			name = Main.storyboard;
			sourceTree = "<group>";
		};
		261E1AC91EE8C4D600A0D2B5 /* LaunchScreen.storyboard */ = {
			isa = PBXVariantGroup;
			children = (
				261E1ACA1EE8C4D600A0D2B5 /* Base */,
			);
			name = LaunchScreen.storyboard;
			sourceTree = "<group>";
		};
/* End PBXVariantGroup section */

/* Begin XCBuildConfiguration section */
		261E1ACD1EE8C4D600A0D2B5 /* Debug */ = {
			isa = XCBuildConfiguration;
			buildSettings = {
				ALWAYS_SEARCH_USER_PATHS = NO;
				CLANG_ANALYZER_NONNULL = YES;
				CLANG_ANALYZER_NUMBER_OBJECT_CONVERSION = YES_AGGRESSIVE;
				CLANG_CXX_LANGUAGE_STANDARD = "gnu++0x";
				CLANG_CXX_LIBRARY = "libc++";
				CLANG_ENABLE_MODULES = YES;
				CLANG_ENABLE_OBJC_ARC = YES;
				CLANG_WARN_BLOCK_CAPTURE_AUTORELEASING = YES;
				CLANG_WARN_BOOL_CONVERSION = YES;
				CLANG_WARN_COMMA = YES;
				CLANG_WARN_CONSTANT_CONVERSION = YES;
				CLANG_WARN_DIRECT_OBJC_ISA_USAGE = YES_ERROR;
				CLANG_WARN_DOCUMENTATION_COMMENTS = YES;
				CLANG_WARN_EMPTY_BODY = YES;
				CLANG_WARN_ENUM_CONVERSION = YES;
				CLANG_WARN_INFINITE_RECURSION = YES;
				CLANG_WARN_INT_CONVERSION = YES;
				CLANG_WARN_NON_LITERAL_NULL_CONVERSION = YES;
				CLANG_WARN_OBJC_LITERAL_CONVERSION = YES;
				CLANG_WARN_OBJC_ROOT_CLASS = YES_ERROR;
				CLANG_WARN_RANGE_LOOP_ANALYSIS = YES;
				CLANG_WARN_STRICT_PROTOTYPES = YES;
				CLANG_WARN_SUSPICIOUS_MOVE = YES;
				CLANG_WARN_UNREACHABLE_CODE = YES;
				CLANG_WARN__DUPLICATE_METHOD_MATCH = YES;
				"CODE_SIGN_IDENTITY[sdk=iphoneos*]" = "iPhone Developer";
				COPY_PHASE_STRIP = NO;
				DEBUG_INFORMATION_FORMAT = dwarf;
				ENABLE_STRICT_OBJC_MSGSEND = YES;
				ENABLE_TESTABILITY = YES;
				FRAMEWORK_SEARCH_PATHS = "$(SRCROOT)/../Carthage/build/iOS";
				GCC_C_LANGUAGE_STANDARD = gnu99;
				GCC_DYNAMIC_NO_PIC = NO;
				GCC_NO_COMMON_BLOCKS = YES;
				GCC_OPTIMIZATION_LEVEL = 0;
				GCC_PREPROCESSOR_DEFINITIONS = (
					"DEBUG=1",
					"$(inherited)",
				);
				GCC_WARN_64_TO_32_BIT_CONVERSION = YES;
				GCC_WARN_ABOUT_RETURN_TYPE = YES_ERROR;
				GCC_WARN_UNDECLARED_SELECTOR = YES;
				GCC_WARN_UNINITIALIZED_AUTOS = YES_AGGRESSIVE;
				GCC_WARN_UNUSED_FUNCTION = YES;
				GCC_WARN_UNUSED_VARIABLE = YES;
				IPHONEOS_DEPLOYMENT_TARGET = 10.3;
				MTL_ENABLE_DEBUG_INFO = YES;
				ONLY_ACTIVE_ARCH = YES;
				SDKROOT = iphoneos;
				SWIFT_ACTIVE_COMPILATION_CONDITIONS = DEBUG;
				SWIFT_OPTIMIZATION_LEVEL = "-Onone";
			};
			name = Debug;
		};
		261E1ACE1EE8C4D600A0D2B5 /* Release */ = {
			isa = XCBuildConfiguration;
			buildSettings = {
				ALWAYS_SEARCH_USER_PATHS = NO;
				CLANG_ANALYZER_NONNULL = YES;
				CLANG_ANALYZER_NUMBER_OBJECT_CONVERSION = YES_AGGRESSIVE;
				CLANG_CXX_LANGUAGE_STANDARD = "gnu++0x";
				CLANG_CXX_LIBRARY = "libc++";
				CLANG_ENABLE_MODULES = YES;
				CLANG_ENABLE_OBJC_ARC = YES;
				CLANG_WARN_BLOCK_CAPTURE_AUTORELEASING = YES;
				CLANG_WARN_BOOL_CONVERSION = YES;
				CLANG_WARN_COMMA = YES;
				CLANG_WARN_CONSTANT_CONVERSION = YES;
				CLANG_WARN_DIRECT_OBJC_ISA_USAGE = YES_ERROR;
				CLANG_WARN_DOCUMENTATION_COMMENTS = YES;
				CLANG_WARN_EMPTY_BODY = YES;
				CLANG_WARN_ENUM_CONVERSION = YES;
				CLANG_WARN_INFINITE_RECURSION = YES;
				CLANG_WARN_INT_CONVERSION = YES;
				CLANG_WARN_NON_LITERAL_NULL_CONVERSION = YES;
				CLANG_WARN_OBJC_LITERAL_CONVERSION = YES;
				CLANG_WARN_OBJC_ROOT_CLASS = YES_ERROR;
				CLANG_WARN_RANGE_LOOP_ANALYSIS = YES;
				CLANG_WARN_STRICT_PROTOTYPES = YES;
				CLANG_WARN_SUSPICIOUS_MOVE = YES;
				CLANG_WARN_UNREACHABLE_CODE = YES;
				CLANG_WARN__DUPLICATE_METHOD_MATCH = YES;
				"CODE_SIGN_IDENTITY[sdk=iphoneos*]" = "iPhone Developer";
				COPY_PHASE_STRIP = NO;
				DEBUG_INFORMATION_FORMAT = "dwarf-with-dsym";
				ENABLE_NS_ASSERTIONS = NO;
				ENABLE_STRICT_OBJC_MSGSEND = YES;
				FRAMEWORK_SEARCH_PATHS = "$(SRCROOT)/../Carthage/build/iOS";
				GCC_C_LANGUAGE_STANDARD = gnu99;
				GCC_NO_COMMON_BLOCKS = YES;
				GCC_WARN_64_TO_32_BIT_CONVERSION = YES;
				GCC_WARN_ABOUT_RETURN_TYPE = YES_ERROR;
				GCC_WARN_UNDECLARED_SELECTOR = YES;
				GCC_WARN_UNINITIALIZED_AUTOS = YES_AGGRESSIVE;
				GCC_WARN_UNUSED_FUNCTION = YES;
				GCC_WARN_UNUSED_VARIABLE = YES;
				IPHONEOS_DEPLOYMENT_TARGET = 10.3;
				MTL_ENABLE_DEBUG_INFO = NO;
				SDKROOT = iphoneos;
				SWIFT_OPTIMIZATION_LEVEL = "-Owholemodule";
				VALIDATE_PRODUCT = YES;
			};
			name = Release;
		};
		261E1AD01EE8C4D600A0D2B5 /* Debug */ = {
			isa = XCBuildConfiguration;
			buildSettings = {
				ASSETCATALOG_COMPILER_APPICON_NAME = AppIcon;
				DEVELOPMENT_TEAM = 4R87445M8P;
				INFOPLIST_FILE = Example/Info.plist;
				IPHONEOS_DEPLOYMENT_TARGET = 10.3;
				LD_RUNPATH_SEARCH_PATHS = "$(inherited) @executable_path/Frameworks";
				PRODUCT_BUNDLE_IDENTIFIER = com.ahhenderson.Example;
				PRODUCT_NAME = "$(TARGET_NAME)";
				SWIFT_VERSION = 4.0;
			};
			name = Debug;
		};
		261E1AD11EE8C4D600A0D2B5 /* Release */ = {
			isa = XCBuildConfiguration;
			buildSettings = {
				ASSETCATALOG_COMPILER_APPICON_NAME = AppIcon;
				DEVELOPMENT_TEAM = 4R87445M8P;
				INFOPLIST_FILE = Example/Info.plist;
				IPHONEOS_DEPLOYMENT_TARGET = 10.3;
				LD_RUNPATH_SEARCH_PATHS = "$(inherited) @executable_path/Frameworks";
				PRODUCT_BUNDLE_IDENTIFIER = com.ahhenderson.Example;
				PRODUCT_NAME = "$(TARGET_NAME)";
				SWIFT_VERSION = 4.0;
			};
			name = Release;
		};
/* End XCBuildConfiguration section */

/* Begin XCConfigurationList section */
		261E1AB81EE8C4D600A0D2B5 /* Build configuration list for PBXProject "Example" */ = {
			isa = XCConfigurationList;
			buildConfigurations = (
				261E1ACD1EE8C4D600A0D2B5 /* Debug */,
				261E1ACE1EE8C4D600A0D2B5 /* Release */,
			);
			defaultConfigurationIsVisible = 0;
			defaultConfigurationName = Release;
		};
		261E1ACF1EE8C4D600A0D2B5 /* Build configuration list for PBXNativeTarget "Example" */ = {
			isa = XCConfigurationList;
			buildConfigurations = (
				261E1AD01EE8C4D600A0D2B5 /* Debug */,
				261E1AD11EE8C4D600A0D2B5 /* Release */,
			);
			defaultConfigurationIsVisible = 0;
			defaultConfigurationName = Release;
		};
/* End XCConfigurationList section */
	};
	rootObject = 261E1AB51EE8C4D600A0D2B5 /* Project object */;
}
